// !$*UTF8*$!
{
	archiveVersion = 1;
	classes = {
	};
	objectVersion = 46;
	objects = {

/* Begin PBXBuildFile section */
		17272ABD8714485A982D2348 /* libPods.a in Frameworks */ = {isa = PBXBuildFile; fileRef = 6F9DC8090A134F69888D13FD /* libPods.a */; };
		8304529E18C753A2000BBE18 /* Linguistics.m in Sources */ = {isa = PBXBuildFile; fileRef = 8304529D18C753A2000BBE18 /* Linguistics.m */; };
		830452A318C769EC000BBE18 /* STKAnnounceMatchScene.m in Sources */ = {isa = PBXBuildFile; fileRef = 830452A218C769EC000BBE18 /* STKAnnounceMatchScene.m */; };
		830452A618C769F8000BBE18 /* STKAnnounceMatchController.m in Sources */ = {isa = PBXBuildFile; fileRef = 830452A518C769F8000BBE18 /* STKAnnounceMatchController.m */; };
		830452AA18C77828000BBE18 /* STKVSCard.m in Sources */ = {isa = PBXBuildFile; fileRef = 830452A918C77828000BBE18 /* STKVSCard.m */; };
		8330170518BA267800F8296B /* GridNode.m in Sources */ = {isa = PBXBuildFile; fileRef = 8330170218BA267800F8296B /* GridNode.m */; };
		8330170A18BA269C00F8296B /* CCNode+ClipVisit.m in Sources */ = {isa = PBXBuildFile; fileRef = 8330170718BA269C00F8296B /* CCNode+ClipVisit.m */; };
		8330170B18BA269C00F8296B /* ScrollNode.m in Sources */ = {isa = PBXBuildFile; fileRef = 8330170918BA269C00F8296B /* ScrollNode.m */; };
		8330170F18BB4EF000F8296B /* STKTimelineItemNode.m in Sources */ = {isa = PBXBuildFile; fileRef = 8330170E18BB4EF000F8296B /* STKTimelineItemNode.m */; };
		8330171318BB964300F8296B /* STKLobbyPersonNode.m in Sources */ = {isa = PBXBuildFile; fileRef = 8330171218BB964300F8296B /* STKLobbyPersonNode.m */; };
		8349903D18BCFBBD00A0A4AB /* STKSettingsController.m in Sources */ = {isa = PBXBuildFile; fileRef = 8349903C18BCFBBD00A0A4AB /* STKSettingsController.m */; };
		8349904018BCFBCB00A0A4AB /* STKSettingsScene.m in Sources */ = {isa = PBXBuildFile; fileRef = 8349903F18BCFBCB00A0A4AB /* STKSettingsScene.m */; };
		835803B818B67B640008DA0E /* STKNewPlayerController.m in Sources */ = {isa = PBXBuildFile; fileRef = 835803B718B67B640008DA0E /* STKNewPlayerController.m */; };
		835803BC18B67B720008DA0E /* STKNewPlayerScene.m in Sources */ = {isa = PBXBuildFile; fileRef = 835803BB18B67B720008DA0E /* STKNewPlayerScene.m */; };
		835803C618B6869A0008DA0E /* STKBootstrapController.m in Sources */ = {isa = PBXBuildFile; fileRef = 835803C518B6869A0008DA0E /* STKBootstrapController.m */; };
		835803C918B686AD0008DA0E /* STKBootstrapScene.m in Sources */ = {isa = PBXBuildFile; fileRef = 835803C818B686AD0008DA0E /* STKBootstrapScene.m */; };
		8379200B18CDB9A10094F3AC /* STKGameController.m in Sources */ = {isa = PBXBuildFile; fileRef = 8379200A18CDB9A10094F3AC /* STKGameController.m */; };
		8379200E18CDBD5D0094F3AC /* STKGameScene.m in Sources */ = {isa = PBXBuildFile; fileRef = 8379200D18CDBD5D0094F3AC /* STKGameScene.m */; };
		8379201518CDE39E0094F3AC /* STKTimelineNode.m in Sources */ = {isa = PBXBuildFile; fileRef = 8379201418CDE39E0094F3AC /* STKTimelineNode.m */; };
		8383A63F18B762AC003816BF /* CCNode+Animation.m in Sources */ = {isa = PBXBuildFile; fileRef = 8383A63E18B762AC003816BF /* CCNode+Animation.m */; };
		8383A64218B77B19003816BF /* STKHomeController.m in Sources */ = {isa = PBXBuildFile; fileRef = 8383A64118B77B19003816BF /* STKHomeController.m */; };
		8383A64518B77B27003816BF /* STKHomeScene.m in Sources */ = {isa = PBXBuildFile; fileRef = 8383A64418B77B27003816BF /* STKHomeScene.m */; };
		8383A64B18B79273003816BF /* STKAvatarNode.m in Sources */ = {isa = PBXBuildFile; fileRef = 8383A64A18B79273003816BF /* STKAvatarNode.m */; };
		8383A64E18B79E49003816BF /* STKAchievementsScene.m in Sources */ = {isa = PBXBuildFile; fileRef = 8383A64D18B79E49003816BF /* STKAchievementsScene.m */; };
		8383A65118B79E58003816BF /* STKAchievementsController.m in Sources */ = {isa = PBXBuildFile; fileRef = 8383A65018B79E58003816BF /* STKAchievementsController.m */; };
		8383A65418B7F651003816BF /* STKLevelNode.m in Sources */ = {isa = PBXBuildFile; fileRef = 8383A65318B7F651003816BF /* STKLevelNode.m */; };
		8383A65B18B8D255003816BF /* STKProgressNode.m in Sources */ = {isa = PBXBuildFile; fileRef = 8383A65A18B8D255003816BF /* STKProgressNode.m */; };
		8383A65F18B8E62E003816BF /* STKLobbyController.m in Sources */ = {isa = PBXBuildFile; fileRef = 8383A65E18B8E62E003816BF /* STKLobbyController.m */; };
		8383A66218B8E642003816BF /* STKLobbyScene.m in Sources */ = {isa = PBXBuildFile; fileRef = 8383A66118B8E642003816BF /* STKLobbyScene.m */; };
		8393781F18B5FFA40007BDE4 /* STKCore.m in Sources */ = {isa = PBXBuildFile; fileRef = 8393781E18B5FFA40007BDE4 /* STKCore.m */; };
		8393782E18B5FFB60007BDE4 /* NSObject+Observer.m in Sources */ = {isa = PBXBuildFile; fileRef = 8393782118B5FFB60007BDE4 /* NSObject+Observer.m */; };
		8393782F18B5FFB60007BDE4 /* STKController.m in Sources */ = {isa = PBXBuildFile; fileRef = 8393782318B5FFB60007BDE4 /* STKController.m */; };
		8393783018B5FFB60007BDE4 /* STKDirector.m in Sources */ = {isa = PBXBuildFile; fileRef = 8393782518B5FFB60007BDE4 /* STKDirector.m */; };
		8393783118B5FFB60007BDE4 /* STKModel.m in Sources */ = {isa = PBXBuildFile; fileRef = 8393782718B5FFB60007BDE4 /* STKModel.m */; };
		8393783218B5FFB60007BDE4 /* STKRemoteServerChallenge.m in Sources */ = {isa = PBXBuildFile; fileRef = 8393782918B5FFB60007BDE4 /* STKRemoteServerChallenge.m */; };
		8393783318B5FFB60007BDE4 /* STKScene.m in Sources */ = {isa = PBXBuildFile; fileRef = 8393782B18B5FFB60007BDE4 /* STKScene.m */; };
		8393783418B5FFB60007BDE4 /* STKSceneController.m in Sources */ = {isa = PBXBuildFile; fileRef = 8393782D18B5FFB60007BDE4 /* STKSceneController.m */; };
		8393783A18B5FFDC0007BDE4 /* STKNetConnection.m in Sources */ = {isa = PBXBuildFile; fileRef = 8393783918B5FFDC0007BDE4 /* STKNetConnection.m */; };
		8393783D18B5FFE50007BDE4 /* RC4.m in Sources */ = {isa = PBXBuildFile; fileRef = 8393783C18B5FFE50007BDE4 /* RC4.m */; };
		8393784218B5FFEF0007BDE4 /* STKMessageCenter.m in Sources */ = {isa = PBXBuildFile; fileRef = 8393783F18B5FFEF0007BDE4 /* STKMessageCenter.m */; };
		8393784318B5FFEF0007BDE4 /* STKMessageHandler.m in Sources */ = {isa = PBXBuildFile; fileRef = 8393784118B5FFEF0007BDE4 /* STKMessageHandler.m */; };
		8393784818B5FFF80007BDE4 /* STKIncomingMessage.m in Sources */ = {isa = PBXBuildFile; fileRef = 8393784518B5FFF80007BDE4 /* STKIncomingMessage.m */; };
		8393784918B5FFF80007BDE4 /* STKOutgoingMessage.m in Sources */ = {isa = PBXBuildFile; fileRef = 8393784718B5FFF80007BDE4 /* STKOutgoingMessage.m */; };
		8393784F18B601E60007BDE4 /* NSStack.m in Sources */ = {isa = PBXBuildFile; fileRef = 8393784E18B601E60007BDE4 /* NSStack.m */; };
		8393787118B6023D0007BDE4 /* STKAvatar.m in Sources */ = {isa = PBXBuildFile; fileRef = 8393785A18B6023D0007BDE4 /* STKAvatar.m */; };
		8393787318B6023D0007BDE4 /* STKFriend.m in Sources */ = {isa = PBXBuildFile; fileRef = 8393785E18B6023D0007BDE4 /* STKFriend.m */; };
		8393787418B6023D0007BDE4 /* STKInventory.m in Sources */ = {isa = PBXBuildFile; fileRef = 8393786018B6023D0007BDE4 /* STKInventory.m */; };
		8393787518B6023D0007BDE4 /* STKItemRegistry.m in Sources */ = {isa = PBXBuildFile; fileRef = 8393786218B6023D0007BDE4 /* STKItemRegistry.m */; };
		8393787618B6023D0007BDE4 /* STKItemType.m in Sources */ = {isa = PBXBuildFile; fileRef = 8393786418B6023D0007BDE4 /* STKItemType.m */; };
		8393787718B6023D0007BDE4 /* STKMatch.m in Sources */ = {isa = PBXBuildFile; fileRef = 8393786618B6023D0007BDE4 /* STKMatch.m */; };
		8393787818B6023D0007BDE4 /* STKMatchPlayer.m in Sources */ = {isa = PBXBuildFile; fileRef = 8393786818B6023D0007BDE4 /* STKMatchPlayer.m */; };
		8393787918B6023D0007BDE4 /* STKPlayer.m in Sources */ = {isa = PBXBuildFile; fileRef = 8393786A18B6023D0007BDE4 /* STKPlayer.m */; };
		8393787A18B6023D0007BDE4 /* STKPowerUp.m in Sources */ = {isa = PBXBuildFile; fileRef = 8393786C18B6023D0007BDE4 /* STKPowerUp.m */; };
		8393787B18B6023D0007BDE4 /* STKProgression.m in Sources */ = {isa = PBXBuildFile; fileRef = 8393786E18B6023D0007BDE4 /* STKProgression.m */; };
		8393787C18B6023D0007BDE4 /* STKTrophy.m in Sources */ = {isa = PBXBuildFile; fileRef = 8393787018B6023D0007BDE4 /* STKTrophy.m */; };
		8393787F18B602500007BDE4 /* STKAlertView.m in Sources */ = {isa = PBXBuildFile; fileRef = 8393787E18B602500007BDE4 /* STKAlertView.m */; };
		8393788C18B602730007BDE4 /* STKClientController.m in Sources */ = {isa = PBXBuildFile; fileRef = 8393788118B602730007BDE4 /* STKClientController.m */; };
		8393788D18B602730007BDE4 /* STKFacebookController.m in Sources */ = {isa = PBXBuildFile; fileRef = 8393788318B602730007BDE4 /* STKFacebookController.m */; };
		8393788E18B602730007BDE4 /* STKInAppPurchasesController.m in Sources */ = {isa = PBXBuildFile; fileRef = 8393788518B602730007BDE4 /* STKInAppPurchasesController.m */; };
		8393788F18B602730007BDE4 /* STKMatchController.m in Sources */ = {isa = PBXBuildFile; fileRef = 8393788718B602730007BDE4 /* STKMatchController.m */; };
		8393789018B602730007BDE4 /* STKSessionController.m in Sources */ = {isa = PBXBuildFile; fileRef = 8393788918B602730007BDE4 /* STKSessionController.m */; };
		8393789C18B60A260007BDE4 /* STKConnectController.m in Sources */ = {isa = PBXBuildFile; fileRef = 8393789B18B60A260007BDE4 /* STKConnectController.m */; };
		8393789F18B60A340007BDE4 /* STKConnectScene.m in Sources */ = {isa = PBXBuildFile; fileRef = 8393789E18B60A340007BDE4 /* STKConnectScene.m */; };
		839378A318B60B090007BDE4 /* STKTile.m in Sources */ = {isa = PBXBuildFile; fileRef = 839378A218B60B090007BDE4 /* STKTile.m */; };
		839378A618B60B180007BDE4 /* STKBoard.m in Sources */ = {isa = PBXBuildFile; fileRef = 839378A518B60B180007BDE4 /* STKBoard.m */; };
		83C4424218BE18CC00B417C9 /* CSEEmboss.fsh in Sources */ = {isa = PBXBuildFile; fileRef = 83C4423F18BE18CC00B417C9 /* CSEEmboss.fsh */; };
		83C4424318BE18CC00B417C9 /* CSEEmboss.m in Sources */ = {isa = PBXBuildFile; fileRef = 83C4424118BE18CC00B417C9 /* CSEEmboss.m */; };
		83C4424418BE18DB00B417C9 /* CSEEmboss.fsh in Resources */ = {isa = PBXBuildFile; fileRef = 83C4423F18BE18CC00B417C9 /* CSEEmboss.fsh */; };
		83D32FD218C0B02D00772575 /* STKHolePunchedButton.m in Sources */ = {isa = PBXBuildFile; fileRef = 83D32FD118C0B02D00772575 /* STKHolePunchedButton.m */; };
		83D32FD618C0C9C900772575 /* STKSettings.m in Sources */ = {isa = PBXBuildFile; fileRef = 83D32FD518C0C9C900772575 /* STKSettings.m */; };
		83EDE5FE18C3654400D3B78D /* STKAvatarPickerScene.m in Sources */ = {isa = PBXBuildFile; fileRef = 83EDE5FD18C3654400D3B78D /* STKAvatarPickerScene.m */; };
		83EDE60118C3655D00D3B78D /* STKAvatarPickerController.m in Sources */ = {isa = PBXBuildFile; fileRef = 83EDE60018C3655D00D3B78D /* STKAvatarPickerController.m */; };
		83EDE60518C38F2500D3B78D /* PagedScrollNode.m in Sources */ = {isa = PBXBuildFile; fileRef = 83EDE60418C38F2500D3B78D /* PagedScrollNode.m */; };
		83EDE60D18C4D28A00D3B78D /* ScrollNodeScrollView.m in Sources */ = {isa = PBXBuildFile; fileRef = 83EDE60C18C4D28A00D3B78D /* ScrollNodeScrollView.m */; };
		83EDE61018C5D5EE00D3B78D /* STKAvatarPage.m in Sources */ = {isa = PBXBuildFile; fileRef = 83EDE60F18C5D5EE00D3B78D /* STKAvatarPage.m */; };
		83EDE61418C60FA900D3B78D /* STKButton.m in Sources */ = {isa = PBXBuildFile; fileRef = 83EDE61318C60FA900D3B78D /* STKButton.m */; };
		83F4EF9318BF9ADE00319BDE /* STKDirector+Modal.m in Sources */ = {isa = PBXBuildFile; fileRef = 83F4EF9218BF9ADE00319BDE /* STKDirector+Modal.m */; };
		83F6024918B4DA1100AC2EB1 /* Images.xcassets in Resources */ = {isa = PBXBuildFile; fileRef = 83F6024818B4DA1100AC2EB1 /* Images.xcassets */; };
		83F6024B18B4DF3E00AC2EB1 /* StoreKit.framework in Frameworks */ = {isa = PBXBuildFile; fileRef = 83F6024A18B4DF3E00AC2EB1 /* StoreKit.framework */; };
		B737893B180761570076A88C /* Published-iOS in Resources */ = {isa = PBXBuildFile; fileRef = B737893A180761570076A88C /* Published-iOS */; };
		B737893F1807617C0076A88C /* AppDelegate.m in Sources */ = {isa = PBXBuildFile; fileRef = B737893E1807617C0076A88C /* AppDelegate.m */; };
		B73789871807631A0076A88C /* main.m in Sources */ = {isa = PBXBuildFile; fileRef = B73789851807631A0076A88C /* main.m */; };
		B737898A1807642B0076A88C /* libcocos2d.a in Frameworks */ = {isa = PBXBuildFile; fileRef = B737894B180761A90076A88C /* libcocos2d.a */; };
		B77F1B3217B978D7009739AE /* QuartzCore.framework in Frameworks */ = {isa = PBXBuildFile; fileRef = B77F1B3117B978D7009739AE /* QuartzCore.framework */; };
		B77F1B3417B978D7009739AE /* OpenGLES.framework in Frameworks */ = {isa = PBXBuildFile; fileRef = B77F1B3317B978D7009739AE /* OpenGLES.framework */; };
		B77F1B3617B978D7009739AE /* OpenAL.framework in Frameworks */ = {isa = PBXBuildFile; fileRef = B77F1B3517B978D7009739AE /* OpenAL.framework */; };
		B77F1B3817B978D7009739AE /* AudioToolbox.framework in Frameworks */ = {isa = PBXBuildFile; fileRef = B77F1B3717B978D7009739AE /* AudioToolbox.framework */; };
		B77F1B3A17B978D7009739AE /* AVFoundation.framework in Frameworks */ = {isa = PBXBuildFile; fileRef = B77F1B3917B978D7009739AE /* AVFoundation.framework */; };
		B77F1B3C17B978D7009739AE /* UIKit.framework in Frameworks */ = {isa = PBXBuildFile; fileRef = B77F1B3B17B978D7009739AE /* UIKit.framework */; };
		B77F1B3E17B978D7009739AE /* Foundation.framework in Frameworks */ = {isa = PBXBuildFile; fileRef = B77F1B3D17B978D7009739AE /* Foundation.framework */; };
		B77F1B4017B978D7009739AE /* CoreGraphics.framework in Frameworks */ = {isa = PBXBuildFile; fileRef = B77F1B3F17B978D7009739AE /* CoreGraphics.framework */; };
		B77F1B4217B978D7009739AE /* CoreText.framework in Frameworks */ = {isa = PBXBuildFile; fileRef = B77F1B4117B978D7009739AE /* CoreText.framework */; };
/* End PBXBuildFile section */

/* Begin PBXContainerItemProxy section */
		B737894A180761A90076A88C /* PBXContainerItemProxy */ = {
			isa = PBXContainerItemProxy;
			containerPortal = B7378940180761A80076A88C /* cocos2d-ios.xcodeproj */;
			proxyType = 2;
			remoteGlobalIDString = 5018F24D0DFDEAC400C013A5;
			remoteInfo = cocos2d;
		};
		B7378988180764180076A88C /* PBXContainerItemProxy */ = {
			isa = PBXContainerItemProxy;
			containerPortal = B7378940180761A80076A88C /* cocos2d-ios.xcodeproj */;
			proxyType = 1;
			remoteGlobalIDString = 5018F24C0DFDEAC400C013A5;
			remoteInfo = cocos2d;
		};
/* End PBXContainerItemProxy section */

/* Begin PBXFileReference section */
		1E96447CB20243C193EC8885 /* Pods.xcconfig */ = {isa = PBXFileReference; includeInIndex = 1; lastKnownFileType = text.xcconfig; name = Pods.xcconfig; path = Pods/Pods.xcconfig; sourceTree = "<group>"; };
		6F9DC8090A134F69888D13FD /* libPods.a */ = {isa = PBXFileReference; explicitFileType = archive.ar; includeInIndex = 0; path = libPods.a; sourceTree = BUILT_PRODUCTS_DIR; };
		8304529C18C753A2000BBE18 /* Linguistics.h */ = {isa = PBXFileReference; fileEncoding = 4; lastKnownFileType = sourcecode.c.h; path = Linguistics.h; sourceTree = "<group>"; };
		8304529D18C753A2000BBE18 /* Linguistics.m */ = {isa = PBXFileReference; fileEncoding = 4; lastKnownFileType = sourcecode.c.objc; path = Linguistics.m; sourceTree = "<group>"; };
		830452A118C769EC000BBE18 /* STKAnnounceMatchScene.h */ = {isa = PBXFileReference; fileEncoding = 4; lastKnownFileType = sourcecode.c.h; path = STKAnnounceMatchScene.h; sourceTree = "<group>"; };
		830452A218C769EC000BBE18 /* STKAnnounceMatchScene.m */ = {isa = PBXFileReference; fileEncoding = 4; lastKnownFileType = sourcecode.c.objc; path = STKAnnounceMatchScene.m; sourceTree = "<group>"; };
		830452A418C769F8000BBE18 /* STKAnnounceMatchController.h */ = {isa = PBXFileReference; fileEncoding = 4; lastKnownFileType = sourcecode.c.h; path = STKAnnounceMatchController.h; sourceTree = "<group>"; };
		830452A518C769F8000BBE18 /* STKAnnounceMatchController.m */ = {isa = PBXFileReference; fileEncoding = 4; lastKnownFileType = sourcecode.c.objc; path = STKAnnounceMatchController.m; sourceTree = "<group>"; };
		830452A818C77828000BBE18 /* STKVSCard.h */ = {isa = PBXFileReference; fileEncoding = 4; lastKnownFileType = sourcecode.c.h; path = STKVSCard.h; sourceTree = "<group>"; };
		830452A918C77828000BBE18 /* STKVSCard.m */ = {isa = PBXFileReference; fileEncoding = 4; lastKnownFileType = sourcecode.c.objc; path = STKVSCard.m; sourceTree = "<group>"; };
		8330170118BA267800F8296B /* GridNode.h */ = {isa = PBXFileReference; fileEncoding = 4; lastKnownFileType = sourcecode.c.h; path = GridNode.h; sourceTree = "<group>"; };
		8330170218BA267800F8296B /* GridNode.m */ = {isa = PBXFileReference; fileEncoding = 4; lastKnownFileType = sourcecode.c.objc; path = GridNode.m; sourceTree = "<group>"; };
		8330170318BA267800F8296B /* GridNodeDataSource.h */ = {isa = PBXFileReference; fileEncoding = 4; lastKnownFileType = sourcecode.c.h; path = GridNodeDataSource.h; sourceTree = "<group>"; };
		8330170418BA267800F8296B /* GridNodeDelegate.h */ = {isa = PBXFileReference; fileEncoding = 4; lastKnownFileType = sourcecode.c.h; path = GridNodeDelegate.h; sourceTree = "<group>"; };
		8330170618BA269C00F8296B /* CCNode+ClipVisit.h */ = {isa = PBXFileReference; fileEncoding = 4; lastKnownFileType = sourcecode.c.h; path = "CCNode+ClipVisit.h"; sourceTree = "<group>"; };
		8330170718BA269C00F8296B /* CCNode+ClipVisit.m */ = {isa = PBXFileReference; fileEncoding = 4; lastKnownFileType = sourcecode.c.objc; path = "CCNode+ClipVisit.m"; sourceTree = "<group>"; };
		8330170818BA269C00F8296B /* ScrollNode.h */ = {isa = PBXFileReference; fileEncoding = 4; lastKnownFileType = sourcecode.c.h; path = ScrollNode.h; sourceTree = "<group>"; };
		8330170918BA269C00F8296B /* ScrollNode.m */ = {isa = PBXFileReference; fileEncoding = 4; lastKnownFileType = sourcecode.c.objc; path = ScrollNode.m; sourceTree = "<group>"; };
		8330170D18BB4EF000F8296B /* STKTimelineItemNode.h */ = {isa = PBXFileReference; fileEncoding = 4; lastKnownFileType = sourcecode.c.h; path = STKTimelineItemNode.h; sourceTree = "<group>"; };
		8330170E18BB4EF000F8296B /* STKTimelineItemNode.m */ = {isa = PBXFileReference; fileEncoding = 4; lastKnownFileType = sourcecode.c.objc; path = STKTimelineItemNode.m; sourceTree = "<group>"; };
		8330171118BB964300F8296B /* STKLobbyPersonNode.h */ = {isa = PBXFileReference; fileEncoding = 4; lastKnownFileType = sourcecode.c.h; path = STKLobbyPersonNode.h; sourceTree = "<group>"; };
		8330171218BB964300F8296B /* STKLobbyPersonNode.m */ = {isa = PBXFileReference; fileEncoding = 4; lastKnownFileType = sourcecode.c.objc; path = STKLobbyPersonNode.m; sourceTree = "<group>"; };
		8349903B18BCFBBD00A0A4AB /* STKSettingsController.h */ = {isa = PBXFileReference; fileEncoding = 4; lastKnownFileType = sourcecode.c.h; path = STKSettingsController.h; sourceTree = "<group>"; };
		8349903C18BCFBBD00A0A4AB /* STKSettingsController.m */ = {isa = PBXFileReference; fileEncoding = 4; lastKnownFileType = sourcecode.c.objc; path = STKSettingsController.m; sourceTree = "<group>"; };
		8349903E18BCFBCB00A0A4AB /* STKSettingsScene.h */ = {isa = PBXFileReference; fileEncoding = 4; lastKnownFileType = sourcecode.c.h; path = STKSettingsScene.h; sourceTree = "<group>"; };
		8349903F18BCFBCB00A0A4AB /* STKSettingsScene.m */ = {isa = PBXFileReference; fileEncoding = 4; lastKnownFileType = sourcecode.c.objc; path = STKSettingsScene.m; sourceTree = "<group>"; };
		835803B618B67B640008DA0E /* STKNewPlayerController.h */ = {isa = PBXFileReference; fileEncoding = 4; lastKnownFileType = sourcecode.c.h; path = STKNewPlayerController.h; sourceTree = "<group>"; };
		835803B718B67B640008DA0E /* STKNewPlayerController.m */ = {isa = PBXFileReference; fileEncoding = 4; lastKnownFileType = sourcecode.c.objc; path = STKNewPlayerController.m; sourceTree = "<group>"; };
		835803BA18B67B720008DA0E /* STKNewPlayerScene.h */ = {isa = PBXFileReference; fileEncoding = 4; lastKnownFileType = sourcecode.c.h; path = STKNewPlayerScene.h; sourceTree = "<group>"; };
		835803BB18B67B720008DA0E /* STKNewPlayerScene.m */ = {isa = PBXFileReference; fileEncoding = 4; lastKnownFileType = sourcecode.c.objc; path = STKNewPlayerScene.m; sourceTree = "<group>"; };
		835803C418B6869A0008DA0E /* STKBootstrapController.h */ = {isa = PBXFileReference; fileEncoding = 4; lastKnownFileType = sourcecode.c.h; path = STKBootstrapController.h; sourceTree = "<group>"; };
		835803C518B6869A0008DA0E /* STKBootstrapController.m */ = {isa = PBXFileReference; fileEncoding = 4; lastKnownFileType = sourcecode.c.objc; path = STKBootstrapController.m; sourceTree = "<group>"; };
		835803C718B686AD0008DA0E /* STKBootstrapScene.h */ = {isa = PBXFileReference; fileEncoding = 4; lastKnownFileType = sourcecode.c.h; path = STKBootstrapScene.h; sourceTree = "<group>"; };
		835803C818B686AD0008DA0E /* STKBootstrapScene.m */ = {isa = PBXFileReference; fileEncoding = 4; lastKnownFileType = sourcecode.c.objc; path = STKBootstrapScene.m; sourceTree = "<group>"; };
		8379200918CDB9A10094F3AC /* STKGameController.h */ = {isa = PBXFileReference; fileEncoding = 4; lastKnownFileType = sourcecode.c.h; path = STKGameController.h; sourceTree = "<group>"; };
		8379200A18CDB9A10094F3AC /* STKGameController.m */ = {isa = PBXFileReference; fileEncoding = 4; lastKnownFileType = sourcecode.c.objc; path = STKGameController.m; sourceTree = "<group>"; };
		8379200C18CDBD5D0094F3AC /* STKGameScene.h */ = {isa = PBXFileReference; fileEncoding = 4; lastKnownFileType = sourcecode.c.h; path = STKGameScene.h; sourceTree = "<group>"; };
		8379200D18CDBD5D0094F3AC /* STKGameScene.m */ = {isa = PBXFileReference; fileEncoding = 4; lastKnownFileType = sourcecode.c.objc; path = STKGameScene.m; sourceTree = "<group>"; };
		8379201318CDE39E0094F3AC /* STKTimelineNode.h */ = {isa = PBXFileReference; fileEncoding = 4; lastKnownFileType = sourcecode.c.h; path = STKTimelineNode.h; sourceTree = "<group>"; };
		8379201418CDE39E0094F3AC /* STKTimelineNode.m */ = {isa = PBXFileReference; fileEncoding = 4; lastKnownFileType = sourcecode.c.objc; path = STKTimelineNode.m; sourceTree = "<group>"; };
		8383A63D18B762AC003816BF /* CCNode+Animation.h */ = {isa = PBXFileReference; fileEncoding = 4; lastKnownFileType = sourcecode.c.h; path = "CCNode+Animation.h"; sourceTree = "<group>"; };
		8383A63E18B762AC003816BF /* CCNode+Animation.m */ = {isa = PBXFileReference; fileEncoding = 4; lastKnownFileType = sourcecode.c.objc; path = "CCNode+Animation.m"; sourceTree = "<group>"; };
		8383A64018B77B19003816BF /* STKHomeController.h */ = {isa = PBXFileReference; fileEncoding = 4; lastKnownFileType = sourcecode.c.h; path = STKHomeController.h; sourceTree = "<group>"; };
		8383A64118B77B19003816BF /* STKHomeController.m */ = {isa = PBXFileReference; fileEncoding = 4; lastKnownFileType = sourcecode.c.objc; path = STKHomeController.m; sourceTree = "<group>"; };
		8383A64318B77B27003816BF /* STKHomeScene.h */ = {isa = PBXFileReference; fileEncoding = 4; lastKnownFileType = sourcecode.c.h; path = STKHomeScene.h; sourceTree = "<group>"; };
		8383A64418B77B27003816BF /* STKHomeScene.m */ = {isa = PBXFileReference; fileEncoding = 4; lastKnownFileType = sourcecode.c.objc; path = STKHomeScene.m; sourceTree = "<group>"; };
		8383A64918B79273003816BF /* STKAvatarNode.h */ = {isa = PBXFileReference; fileEncoding = 4; lastKnownFileType = sourcecode.c.h; path = STKAvatarNode.h; sourceTree = "<group>"; };
		8383A64A18B79273003816BF /* STKAvatarNode.m */ = {isa = PBXFileReference; fileEncoding = 4; lastKnownFileType = sourcecode.c.objc; path = STKAvatarNode.m; sourceTree = "<group>"; };
		8383A64C18B79E49003816BF /* STKAchievementsScene.h */ = {isa = PBXFileReference; fileEncoding = 4; lastKnownFileType = sourcecode.c.h; path = STKAchievementsScene.h; sourceTree = "<group>"; };
		8383A64D18B79E49003816BF /* STKAchievementsScene.m */ = {isa = PBXFileReference; fileEncoding = 4; lastKnownFileType = sourcecode.c.objc; path = STKAchievementsScene.m; sourceTree = "<group>"; };
		8383A64F18B79E58003816BF /* STKAchievementsController.h */ = {isa = PBXFileReference; fileEncoding = 4; lastKnownFileType = sourcecode.c.h; path = STKAchievementsController.h; sourceTree = "<group>"; };
		8383A65018B79E58003816BF /* STKAchievementsController.m */ = {isa = PBXFileReference; fileEncoding = 4; lastKnownFileType = sourcecode.c.objc; path = STKAchievementsController.m; sourceTree = "<group>"; };
		8383A65218B7F651003816BF /* STKLevelNode.h */ = {isa = PBXFileReference; fileEncoding = 4; lastKnownFileType = sourcecode.c.h; path = STKLevelNode.h; sourceTree = "<group>"; };
		8383A65318B7F651003816BF /* STKLevelNode.m */ = {isa = PBXFileReference; fileEncoding = 4; lastKnownFileType = sourcecode.c.objc; path = STKLevelNode.m; sourceTree = "<group>"; };
		8383A65918B8D255003816BF /* STKProgressNode.h */ = {isa = PBXFileReference; fileEncoding = 4; lastKnownFileType = sourcecode.c.h; path = STKProgressNode.h; sourceTree = "<group>"; };
		8383A65A18B8D255003816BF /* STKProgressNode.m */ = {isa = PBXFileReference; fileEncoding = 4; lastKnownFileType = sourcecode.c.objc; path = STKProgressNode.m; sourceTree = "<group>"; };
		8383A65D18B8E62E003816BF /* STKLobbyController.h */ = {isa = PBXFileReference; fileEncoding = 4; lastKnownFileType = sourcecode.c.h; path = STKLobbyController.h; sourceTree = "<group>"; };
		8383A65E18B8E62E003816BF /* STKLobbyController.m */ = {isa = PBXFileReference; fileEncoding = 4; lastKnownFileType = sourcecode.c.objc; path = STKLobbyController.m; sourceTree = "<group>"; };
		8383A66018B8E642003816BF /* STKLobbyScene.h */ = {isa = PBXFileReference; fileEncoding = 4; lastKnownFileType = sourcecode.c.h; path = STKLobbyScene.h; sourceTree = "<group>"; };
		8383A66118B8E642003816BF /* STKLobbyScene.m */ = {isa = PBXFileReference; fileEncoding = 4; lastKnownFileType = sourcecode.c.objc; path = STKLobbyScene.m; sourceTree = "<group>"; };
		8393781D18B5FFA40007BDE4 /* STKCore.h */ = {isa = PBXFileReference; fileEncoding = 4; lastKnownFileType = sourcecode.c.h; path = STKCore.h; sourceTree = "<group>"; };
		8393781E18B5FFA40007BDE4 /* STKCore.m */ = {isa = PBXFileReference; fileEncoding = 4; lastKnownFileType = sourcecode.c.objc; path = STKCore.m; sourceTree = "<group>"; };
		8393782018B5FFB60007BDE4 /* NSObject+Observer.h */ = {isa = PBXFileReference; fileEncoding = 4; lastKnownFileType = sourcecode.c.h; path = "NSObject+Observer.h"; sourceTree = "<group>"; };
		8393782118B5FFB60007BDE4 /* NSObject+Observer.m */ = {isa = PBXFileReference; fileEncoding = 4; lastKnownFileType = sourcecode.c.objc; path = "NSObject+Observer.m"; sourceTree = "<group>"; };
		8393782218B5FFB60007BDE4 /* STKController.h */ = {isa = PBXFileReference; fileEncoding = 4; lastKnownFileType = sourcecode.c.h; path = STKController.h; sourceTree = "<group>"; };
		8393782318B5FFB60007BDE4 /* STKController.m */ = {isa = PBXFileReference; fileEncoding = 4; lastKnownFileType = sourcecode.c.objc; path = STKController.m; sourceTree = "<group>"; };
		8393782418B5FFB60007BDE4 /* STKDirector.h */ = {isa = PBXFileReference; fileEncoding = 4; lastKnownFileType = sourcecode.c.h; path = STKDirector.h; sourceTree = "<group>"; };
		8393782518B5FFB60007BDE4 /* STKDirector.m */ = {isa = PBXFileReference; fileEncoding = 4; lastKnownFileType = sourcecode.c.objc; path = STKDirector.m; sourceTree = "<group>"; };
		8393782618B5FFB60007BDE4 /* STKModel.h */ = {isa = PBXFileReference; fileEncoding = 4; lastKnownFileType = sourcecode.c.h; path = STKModel.h; sourceTree = "<group>"; };
		8393782718B5FFB60007BDE4 /* STKModel.m */ = {isa = PBXFileReference; fileEncoding = 4; lastKnownFileType = sourcecode.c.objc; path = STKModel.m; sourceTree = "<group>"; };
		8393782818B5FFB60007BDE4 /* STKRemoteServerChallenge.h */ = {isa = PBXFileReference; fileEncoding = 4; lastKnownFileType = sourcecode.c.h; path = STKRemoteServerChallenge.h; sourceTree = "<group>"; };
		8393782918B5FFB60007BDE4 /* STKRemoteServerChallenge.m */ = {isa = PBXFileReference; fileEncoding = 4; lastKnownFileType = sourcecode.c.objc; path = STKRemoteServerChallenge.m; sourceTree = "<group>"; };
		8393782A18B5FFB60007BDE4 /* STKScene.h */ = {isa = PBXFileReference; fileEncoding = 4; lastKnownFileType = sourcecode.c.h; path = STKScene.h; sourceTree = "<group>"; };
		8393782B18B5FFB60007BDE4 /* STKScene.m */ = {isa = PBXFileReference; fileEncoding = 4; lastKnownFileType = sourcecode.c.objc; path = STKScene.m; sourceTree = "<group>"; };
		8393782C18B5FFB60007BDE4 /* STKSceneController.h */ = {isa = PBXFileReference; fileEncoding = 4; lastKnownFileType = sourcecode.c.h; path = STKSceneController.h; sourceTree = "<group>"; };
		8393782D18B5FFB60007BDE4 /* STKSceneController.m */ = {isa = PBXFileReference; fileEncoding = 4; lastKnownFileType = sourcecode.c.objc; path = STKSceneController.m; sourceTree = "<group>"; };
		8393783818B5FFDC0007BDE4 /* STKNetConnection.h */ = {isa = PBXFileReference; fileEncoding = 4; lastKnownFileType = sourcecode.c.h; path = STKNetConnection.h; sourceTree = "<group>"; };
		8393783918B5FFDC0007BDE4 /* STKNetConnection.m */ = {isa = PBXFileReference; fileEncoding = 4; lastKnownFileType = sourcecode.c.objc; path = STKNetConnection.m; sourceTree = "<group>"; };
		8393783B18B5FFE50007BDE4 /* RC4.h */ = {isa = PBXFileReference; fileEncoding = 4; lastKnownFileType = sourcecode.c.h; path = RC4.h; sourceTree = "<group>"; };
		8393783C18B5FFE50007BDE4 /* RC4.m */ = {isa = PBXFileReference; fileEncoding = 4; lastKnownFileType = sourcecode.c.objc; path = RC4.m; sourceTree = "<group>"; };
		8393783E18B5FFEF0007BDE4 /* STKMessageCenter.h */ = {isa = PBXFileReference; fileEncoding = 4; lastKnownFileType = sourcecode.c.h; path = STKMessageCenter.h; sourceTree = "<group>"; };
		8393783F18B5FFEF0007BDE4 /* STKMessageCenter.m */ = {isa = PBXFileReference; fileEncoding = 4; lastKnownFileType = sourcecode.c.objc; path = STKMessageCenter.m; sourceTree = "<group>"; };
		8393784018B5FFEF0007BDE4 /* STKMessageHandler.h */ = {isa = PBXFileReference; fileEncoding = 4; lastKnownFileType = sourcecode.c.h; path = STKMessageHandler.h; sourceTree = "<group>"; };
		8393784118B5FFEF0007BDE4 /* STKMessageHandler.m */ = {isa = PBXFileReference; fileEncoding = 4; lastKnownFileType = sourcecode.c.objc; path = STKMessageHandler.m; sourceTree = "<group>"; };
		8393784418B5FFF80007BDE4 /* STKIncomingMessage.h */ = {isa = PBXFileReference; fileEncoding = 4; lastKnownFileType = sourcecode.c.h; path = STKIncomingMessage.h; sourceTree = "<group>"; };
		8393784518B5FFF80007BDE4 /* STKIncomingMessage.m */ = {isa = PBXFileReference; fileEncoding = 4; lastKnownFileType = sourcecode.c.objc; path = STKIncomingMessage.m; sourceTree = "<group>"; };
		8393784618B5FFF80007BDE4 /* STKOutgoingMessage.h */ = {isa = PBXFileReference; fileEncoding = 4; lastKnownFileType = sourcecode.c.h; path = STKOutgoingMessage.h; sourceTree = "<group>"; };
		8393784718B5FFF80007BDE4 /* STKOutgoingMessage.m */ = {isa = PBXFileReference; fileEncoding = 4; lastKnownFileType = sourcecode.c.objc; path = STKOutgoingMessage.m; sourceTree = "<group>"; };
		8393784D18B601E60007BDE4 /* NSStack.h */ = {isa = PBXFileReference; fileEncoding = 4; lastKnownFileType = sourcecode.c.h; path = NSStack.h; sourceTree = "<group>"; };
		8393784E18B601E60007BDE4 /* NSStack.m */ = {isa = PBXFileReference; fileEncoding = 4; lastKnownFileType = sourcecode.c.objc; path = NSStack.m; sourceTree = "<group>"; };
		8393785318B6020E0007BDE4 /* STKIncomingOpcode.h */ = {isa = PBXFileReference; lastKnownFileType = sourcecode.c.h; path = STKIncomingOpcode.h; sourceTree = "<group>"; };
		8393785418B6020E0007BDE4 /* STKOutgoingOpcode.h */ = {isa = PBXFileReference; lastKnownFileType = sourcecode.c.h; path = STKOutgoingOpcode.h; sourceTree = "<group>"; };
		8393785918B6023D0007BDE4 /* STKAvatar.h */ = {isa = PBXFileReference; fileEncoding = 4; lastKnownFileType = sourcecode.c.h; path = STKAvatar.h; sourceTree = "<group>"; };
		8393785A18B6023D0007BDE4 /* STKAvatar.m */ = {isa = PBXFileReference; fileEncoding = 4; lastKnownFileType = sourcecode.c.objc; path = STKAvatar.m; sourceTree = "<group>"; };
		8393785D18B6023D0007BDE4 /* STKFriend.h */ = {isa = PBXFileReference; fileEncoding = 4; lastKnownFileType = sourcecode.c.h; path = STKFriend.h; sourceTree = "<group>"; };
		8393785E18B6023D0007BDE4 /* STKFriend.m */ = {isa = PBXFileReference; fileEncoding = 4; lastKnownFileType = sourcecode.c.objc; path = STKFriend.m; sourceTree = "<group>"; };
		8393785F18B6023D0007BDE4 /* STKInventory.h */ = {isa = PBXFileReference; fileEncoding = 4; lastKnownFileType = sourcecode.c.h; path = STKInventory.h; sourceTree = "<group>"; };
		8393786018B6023D0007BDE4 /* STKInventory.m */ = {isa = PBXFileReference; fileEncoding = 4; lastKnownFileType = sourcecode.c.objc; path = STKInventory.m; sourceTree = "<group>"; };
		8393786118B6023D0007BDE4 /* STKItemRegistry.h */ = {isa = PBXFileReference; fileEncoding = 4; lastKnownFileType = sourcecode.c.h; path = STKItemRegistry.h; sourceTree = "<group>"; };
		8393786218B6023D0007BDE4 /* STKItemRegistry.m */ = {isa = PBXFileReference; fileEncoding = 4; lastKnownFileType = sourcecode.c.objc; path = STKItemRegistry.m; sourceTree = "<group>"; };
		8393786318B6023D0007BDE4 /* STKItemType.h */ = {isa = PBXFileReference; fileEncoding = 4; lastKnownFileType = sourcecode.c.h; path = STKItemType.h; sourceTree = "<group>"; };
		8393786418B6023D0007BDE4 /* STKItemType.m */ = {isa = PBXFileReference; fileEncoding = 4; lastKnownFileType = sourcecode.c.objc; path = STKItemType.m; sourceTree = "<group>"; };
		8393786518B6023D0007BDE4 /* STKMatch.h */ = {isa = PBXFileReference; fileEncoding = 4; lastKnownFileType = sourcecode.c.h; path = STKMatch.h; sourceTree = "<group>"; };
		8393786618B6023D0007BDE4 /* STKMatch.m */ = {isa = PBXFileReference; fileEncoding = 4; lastKnownFileType = sourcecode.c.objc; path = STKMatch.m; sourceTree = "<group>"; };
		8393786718B6023D0007BDE4 /* STKMatchPlayer.h */ = {isa = PBXFileReference; fileEncoding = 4; lastKnownFileType = sourcecode.c.h; path = STKMatchPlayer.h; sourceTree = "<group>"; };
		8393786818B6023D0007BDE4 /* STKMatchPlayer.m */ = {isa = PBXFileReference; fileEncoding = 4; lastKnownFileType = sourcecode.c.objc; path = STKMatchPlayer.m; sourceTree = "<group>"; };
		8393786918B6023D0007BDE4 /* STKPLayer.h */ = {isa = PBXFileReference; fileEncoding = 4; lastKnownFileType = sourcecode.c.h; path = STKPLayer.h; sourceTree = "<group>"; };
		8393786A18B6023D0007BDE4 /* STKPlayer.m */ = {isa = PBXFileReference; fileEncoding = 4; lastKnownFileType = sourcecode.c.objc; path = STKPlayer.m; sourceTree = "<group>"; };
		8393786B18B6023D0007BDE4 /* STKPowerUp.h */ = {isa = PBXFileReference; fileEncoding = 4; lastKnownFileType = sourcecode.c.h; path = STKPowerUp.h; sourceTree = "<group>"; };
		8393786C18B6023D0007BDE4 /* STKPowerUp.m */ = {isa = PBXFileReference; fileEncoding = 4; lastKnownFileType = sourcecode.c.objc; path = STKPowerUp.m; sourceTree = "<group>"; };
		8393786D18B6023D0007BDE4 /* STKProgression.h */ = {isa = PBXFileReference; fileEncoding = 4; lastKnownFileType = sourcecode.c.h; path = STKProgression.h; sourceTree = "<group>"; };
		8393786E18B6023D0007BDE4 /* STKProgression.m */ = {isa = PBXFileReference; fileEncoding = 4; lastKnownFileType = sourcecode.c.objc; path = STKProgression.m; sourceTree = "<group>"; };
		8393786F18B6023D0007BDE4 /* STKTrophy.h */ = {isa = PBXFileReference; fileEncoding = 4; lastKnownFileType = sourcecode.c.h; path = STKTrophy.h; sourceTree = "<group>"; };
		8393787018B6023D0007BDE4 /* STKTrophy.m */ = {isa = PBXFileReference; fileEncoding = 4; lastKnownFileType = sourcecode.c.objc; path = STKTrophy.m; sourceTree = "<group>"; };
		8393787D18B602500007BDE4 /* STKAlertView.h */ = {isa = PBXFileReference; fileEncoding = 4; lastKnownFileType = sourcecode.c.h; path = STKAlertView.h; sourceTree = "<group>"; };
		8393787E18B602500007BDE4 /* STKAlertView.m */ = {isa = PBXFileReference; fileEncoding = 4; lastKnownFileType = sourcecode.c.objc; path = STKAlertView.m; sourceTree = "<group>"; };
		8393788018B602730007BDE4 /* STKClientController.h */ = {isa = PBXFileReference; fileEncoding = 4; lastKnownFileType = sourcecode.c.h; path = STKClientController.h; sourceTree = "<group>"; };
		8393788118B602730007BDE4 /* STKClientController.m */ = {isa = PBXFileReference; fileEncoding = 4; lastKnownFileType = sourcecode.c.objc; path = STKClientController.m; sourceTree = "<group>"; };
		8393788218B602730007BDE4 /* STKFacebookController.h */ = {isa = PBXFileReference; fileEncoding = 4; lastKnownFileType = sourcecode.c.h; path = STKFacebookController.h; sourceTree = "<group>"; };
		8393788318B602730007BDE4 /* STKFacebookController.m */ = {isa = PBXFileReference; fileEncoding = 4; lastKnownFileType = sourcecode.c.objc; path = STKFacebookController.m; sourceTree = "<group>"; };
		8393788418B602730007BDE4 /* STKInAppPurchasesController.h */ = {isa = PBXFileReference; fileEncoding = 4; lastKnownFileType = sourcecode.c.h; path = STKInAppPurchasesController.h; sourceTree = "<group>"; };
		8393788518B602730007BDE4 /* STKInAppPurchasesController.m */ = {isa = PBXFileReference; fileEncoding = 4; lastKnownFileType = sourcecode.c.objc; path = STKInAppPurchasesController.m; sourceTree = "<group>"; };
		8393788618B602730007BDE4 /* STKMatchController.h */ = {isa = PBXFileReference; fileEncoding = 4; lastKnownFileType = sourcecode.c.h; path = STKMatchController.h; sourceTree = "<group>"; };
		8393788718B602730007BDE4 /* STKMatchController.m */ = {isa = PBXFileReference; fileEncoding = 4; lastKnownFileType = sourcecode.c.objc; path = STKMatchController.m; sourceTree = "<group>"; };
		8393788818B602730007BDE4 /* STKSessionController.h */ = {isa = PBXFileReference; fileEncoding = 4; lastKnownFileType = sourcecode.c.h; path = STKSessionController.h; sourceTree = "<group>"; };
		8393788918B602730007BDE4 /* STKSessionController.m */ = {isa = PBXFileReference; fileEncoding = 4; lastKnownFileType = sourcecode.c.objc; path = STKSessionController.m; sourceTree = "<group>"; };
		8393789A18B60A260007BDE4 /* STKConnectController.h */ = {isa = PBXFileReference; fileEncoding = 4; lastKnownFileType = sourcecode.c.h; path = STKConnectController.h; sourceTree = "<group>"; };
		8393789B18B60A260007BDE4 /* STKConnectController.m */ = {isa = PBXFileReference; fileEncoding = 4; lastKnownFileType = sourcecode.c.objc; path = STKConnectController.m; sourceTree = "<group>"; };
		8393789D18B60A340007BDE4 /* STKConnectScene.h */ = {isa = PBXFileReference; fileEncoding = 4; lastKnownFileType = sourcecode.c.h; path = STKConnectScene.h; sourceTree = "<group>"; };
		8393789E18B60A340007BDE4 /* STKConnectScene.m */ = {isa = PBXFileReference; fileEncoding = 4; lastKnownFileType = sourcecode.c.objc; path = STKConnectScene.m; sourceTree = "<group>"; };
		839378A118B60B090007BDE4 /* STKTile.h */ = {isa = PBXFileReference; fileEncoding = 4; lastKnownFileType = sourcecode.c.h; path = STKTile.h; sourceTree = "<group>"; };
		839378A218B60B090007BDE4 /* STKTile.m */ = {isa = PBXFileReference; fileEncoding = 4; lastKnownFileType = sourcecode.c.objc; path = STKTile.m; sourceTree = "<group>"; };
		839378A418B60B180007BDE4 /* STKBoard.h */ = {isa = PBXFileReference; fileEncoding = 4; lastKnownFileType = sourcecode.c.h; path = STKBoard.h; sourceTree = "<group>"; };
		839378A518B60B180007BDE4 /* STKBoard.m */ = {isa = PBXFileReference; fileEncoding = 4; lastKnownFileType = sourcecode.c.objc; path = STKBoard.m; sourceTree = "<group>"; };
		83C4423F18BE18CC00B417C9 /* CSEEmboss.fsh */ = {isa = PBXFileReference; fileEncoding = 4; lastKnownFileType = sourcecode.glsl; path = CSEEmboss.fsh; sourceTree = "<group>"; };
		83C4424018BE18CC00B417C9 /* CSEEmboss.h */ = {isa = PBXFileReference; fileEncoding = 4; lastKnownFileType = sourcecode.c.h; path = CSEEmboss.h; sourceTree = "<group>"; };
		83C4424118BE18CC00B417C9 /* CSEEmboss.m */ = {isa = PBXFileReference; fileEncoding = 4; lastKnownFileType = sourcecode.c.objc; path = CSEEmboss.m; sourceTree = "<group>"; };
		83D32FD018C0B02D00772575 /* STKHolePunchedButton.h */ = {isa = PBXFileReference; fileEncoding = 4; lastKnownFileType = sourcecode.c.h; path = STKHolePunchedButton.h; sourceTree = "<group>"; };
		83D32FD118C0B02D00772575 /* STKHolePunchedButton.m */ = {isa = PBXFileReference; fileEncoding = 4; lastKnownFileType = sourcecode.c.objc; path = STKHolePunchedButton.m; sourceTree = "<group>"; };
		83D32FD418C0C9C900772575 /* STKSettings.h */ = {isa = PBXFileReference; fileEncoding = 4; lastKnownFileType = sourcecode.c.h; path = STKSettings.h; sourceTree = "<group>"; };
		83D32FD518C0C9C900772575 /* STKSettings.m */ = {isa = PBXFileReference; fileEncoding = 4; lastKnownFileType = sourcecode.c.objc; path = STKSettings.m; sourceTree = "<group>"; };
		83EDE5FC18C3654400D3B78D /* STKAvatarPickerScene.h */ = {isa = PBXFileReference; fileEncoding = 4; lastKnownFileType = sourcecode.c.h; path = STKAvatarPickerScene.h; sourceTree = "<group>"; };
		83EDE5FD18C3654400D3B78D /* STKAvatarPickerScene.m */ = {isa = PBXFileReference; fileEncoding = 4; lastKnownFileType = sourcecode.c.objc; path = STKAvatarPickerScene.m; sourceTree = "<group>"; };
		83EDE5FF18C3655D00D3B78D /* STKAvatarPickerController.h */ = {isa = PBXFileReference; fileEncoding = 4; lastKnownFileType = sourcecode.c.h; path = STKAvatarPickerController.h; sourceTree = "<group>"; };
		83EDE60018C3655D00D3B78D /* STKAvatarPickerController.m */ = {isa = PBXFileReference; fileEncoding = 4; lastKnownFileType = sourcecode.c.objc; path = STKAvatarPickerController.m; sourceTree = "<group>"; };
		83EDE60318C38F2500D3B78D /* PagedScrollNode.h */ = {isa = PBXFileReference; fileEncoding = 4; lastKnownFileType = sourcecode.c.h; path = PagedScrollNode.h; sourceTree = "<group>"; };
		83EDE60418C38F2500D3B78D /* PagedScrollNode.m */ = {isa = PBXFileReference; fileEncoding = 4; lastKnownFileType = sourcecode.c.objc; path = PagedScrollNode.m; sourceTree = "<group>"; };
		83EDE60618C38F8400D3B78D /* PagedScrollNodeDataSource.h */ = {isa = PBXFileReference; lastKnownFileType = sourcecode.c.h; path = PagedScrollNodeDataSource.h; sourceTree = "<group>"; };
		83EDE60B18C4D28A00D3B78D /* ScrollNodeScrollView.h */ = {isa = PBXFileReference; fileEncoding = 4; lastKnownFileType = sourcecode.c.h; path = ScrollNodeScrollView.h; sourceTree = "<group>"; };
		83EDE60C18C4D28A00D3B78D /* ScrollNodeScrollView.m */ = {isa = PBXFileReference; fileEncoding = 4; lastKnownFileType = sourcecode.c.objc; path = ScrollNodeScrollView.m; sourceTree = "<group>"; };
		83EDE60E18C5D5EE00D3B78D /* STKAvatarPage.h */ = {isa = PBXFileReference; fileEncoding = 4; lastKnownFileType = sourcecode.c.h; path = STKAvatarPage.h; sourceTree = "<group>"; };
		83EDE60F18C5D5EE00D3B78D /* STKAvatarPage.m */ = {isa = PBXFileReference; fileEncoding = 4; lastKnownFileType = sourcecode.c.objc; path = STKAvatarPage.m; sourceTree = "<group>"; };
		83EDE61218C60FA900D3B78D /* STKButton.h */ = {isa = PBXFileReference; fileEncoding = 4; lastKnownFileType = sourcecode.c.h; path = STKButton.h; sourceTree = "<group>"; };
		83EDE61318C60FA900D3B78D /* STKButton.m */ = {isa = PBXFileReference; fileEncoding = 4; lastKnownFileType = sourcecode.c.objc; path = STKButton.m; sourceTree = "<group>"; };
		83F4EF9118BF9ADE00319BDE /* STKDirector+Modal.h */ = {isa = PBXFileReference; fileEncoding = 4; lastKnownFileType = sourcecode.c.h; path = "STKDirector+Modal.h"; sourceTree = "<group>"; };
		83F4EF9218BF9ADE00319BDE /* STKDirector+Modal.m */ = {isa = PBXFileReference; fileEncoding = 4; lastKnownFileType = sourcecode.c.objc; path = "STKDirector+Modal.m"; sourceTree = "<group>"; };
		83F6024818B4DA1100AC2EB1 /* Images.xcassets */ = {isa = PBXFileReference; lastKnownFileType = folder.assetcatalog; name = Images.xcassets; path = Strik/Images.xcassets; sourceTree = SOURCE_ROOT; };
		83F6024A18B4DF3E00AC2EB1 /* StoreKit.framework */ = {isa = PBXFileReference; lastKnownFileType = wrapper.framework; name = StoreKit.framework; path = System/Library/Frameworks/StoreKit.framework; sourceTree = SDKROOT; };
		B737893A180761570076A88C /* Published-iOS */ = {isa = PBXFileReference; lastKnownFileType = folder; name = "Published-iOS"; path = "Source/Resources/Published-iOS"; sourceTree = SOURCE_ROOT; };
		B737893D1807617C0076A88C /* AppDelegate.h */ = {isa = PBXFileReference; fileEncoding = 4; lastKnownFileType = sourcecode.c.h; name = AppDelegate.h; path = Source/AppDelegate.h; sourceTree = "<group>"; };
		B737893E1807617C0076A88C /* AppDelegate.m */ = {isa = PBXFileReference; fileEncoding = 4; lastKnownFileType = sourcecode.c.objc; name = AppDelegate.m; path = Source/AppDelegate.m; sourceTree = "<group>"; };
		B7378940180761A80076A88C /* cocos2d-ios.xcodeproj */ = {isa = PBXFileReference; lastKnownFileType = "wrapper.pb-project"; name = "cocos2d-ios.xcodeproj"; path = "Source/libs/cocos2d-iphone/cocos2d-ios.xcodeproj"; sourceTree = SOURCE_ROOT; };
		B73789851807631A0076A88C /* main.m */ = {isa = PBXFileReference; fileEncoding = 4; lastKnownFileType = sourcecode.c.objc; name = main.m; path = Source/main.m; sourceTree = SOURCE_ROOT; };
		B73789861807631A0076A88C /* Prefix.pch */ = {isa = PBXFileReference; fileEncoding = 4; lastKnownFileType = sourcecode.c.h; name = Prefix.pch; path = Source/Prefix.pch; sourceTree = SOURCE_ROOT; };
		B77F1B2E17B978D7009739AE /* Strik.app */ = {isa = PBXFileReference; explicitFileType = wrapper.application; includeInIndex = 0; path = Strik.app; sourceTree = BUILT_PRODUCTS_DIR; };
		B77F1B3117B978D7009739AE /* QuartzCore.framework */ = {isa = PBXFileReference; lastKnownFileType = wrapper.framework; name = QuartzCore.framework; path = System/Library/Frameworks/QuartzCore.framework; sourceTree = SDKROOT; };
		B77F1B3317B978D7009739AE /* OpenGLES.framework */ = {isa = PBXFileReference; lastKnownFileType = wrapper.framework; name = OpenGLES.framework; path = System/Library/Frameworks/OpenGLES.framework; sourceTree = SDKROOT; };
		B77F1B3517B978D7009739AE /* OpenAL.framework */ = {isa = PBXFileReference; lastKnownFileType = wrapper.framework; name = OpenAL.framework; path = System/Library/Frameworks/OpenAL.framework; sourceTree = SDKROOT; };
		B77F1B3717B978D7009739AE /* AudioToolbox.framework */ = {isa = PBXFileReference; lastKnownFileType = wrapper.framework; name = AudioToolbox.framework; path = System/Library/Frameworks/AudioToolbox.framework; sourceTree = SDKROOT; };
		B77F1B3917B978D7009739AE /* AVFoundation.framework */ = {isa = PBXFileReference; lastKnownFileType = wrapper.framework; name = AVFoundation.framework; path = System/Library/Frameworks/AVFoundation.framework; sourceTree = SDKROOT; };
		B77F1B3B17B978D7009739AE /* UIKit.framework */ = {isa = PBXFileReference; lastKnownFileType = wrapper.framework; name = UIKit.framework; path = System/Library/Frameworks/UIKit.framework; sourceTree = SDKROOT; };
		B77F1B3D17B978D7009739AE /* Foundation.framework */ = {isa = PBXFileReference; lastKnownFileType = wrapper.framework; name = Foundation.framework; path = System/Library/Frameworks/Foundation.framework; sourceTree = SDKROOT; };
		B77F1B3F17B978D7009739AE /* CoreGraphics.framework */ = {isa = PBXFileReference; lastKnownFileType = wrapper.framework; name = CoreGraphics.framework; path = System/Library/Frameworks/CoreGraphics.framework; sourceTree = SDKROOT; };
		B77F1B4117B978D7009739AE /* CoreText.framework */ = {isa = PBXFileReference; lastKnownFileType = wrapper.framework; name = CoreText.framework; path = System/Library/Frameworks/CoreText.framework; sourceTree = SDKROOT; };
		B7B3713D180358F1007369CC /* libObjectiveChipmunk.a */ = {isa = PBXFileReference; lastKnownFileType = archive.ar; name = libObjectiveChipmunk.a; path = "../libs/cocos2d-iphone/external/Chipmunk/xcode/build/Debug-iphoneos/libObjectiveChipmunk.a"; sourceTree = "<group>"; };
/* End PBXFileReference section */

/* Begin PBXFrameworksBuildPhase section */
		B77F1B2B17B978D7009739AE /* Frameworks */ = {
			isa = PBXFrameworksBuildPhase;
			buildActionMask = 2147483647;
			files = (
				B737898A1807642B0076A88C /* libcocos2d.a in Frameworks */,
				B77F1B3217B978D7009739AE /* QuartzCore.framework in Frameworks */,
				B77F1B3417B978D7009739AE /* OpenGLES.framework in Frameworks */,
				83F6024B18B4DF3E00AC2EB1 /* StoreKit.framework in Frameworks */,
				B77F1B3617B978D7009739AE /* OpenAL.framework in Frameworks */,
				B77F1B3817B978D7009739AE /* AudioToolbox.framework in Frameworks */,
				B77F1B3A17B978D7009739AE /* AVFoundation.framework in Frameworks */,
				B77F1B3C17B978D7009739AE /* UIKit.framework in Frameworks */,
				B77F1B3E17B978D7009739AE /* Foundation.framework in Frameworks */,
				B77F1B4017B978D7009739AE /* CoreGraphics.framework in Frameworks */,
				B77F1B4217B978D7009739AE /* CoreText.framework in Frameworks */,
				17272ABD8714485A982D2348 /* libPods.a in Frameworks */,
			);
			runOnlyForDeploymentPostprocessing = 0;
		};
/* End PBXFrameworksBuildPhase section */

/* Begin PBXGroup section */
		8304529A18C7538D000BBE18 /* Linguistics */ = {
			isa = PBXGroup;
			children = (
				8304529C18C753A2000BBE18 /* Linguistics.h */,
				8304529D18C753A2000BBE18 /* Linguistics.m */,
			);
			name = Linguistics;
			sourceTree = "<group>";
		};
		830452A718C77819000BBE18 /* Nodes */ = {
			isa = PBXGroup;
			children = (
				830452A818C77828000BBE18 /* STKVSCard.h */,
				830452A918C77828000BBE18 /* STKVSCard.m */,
			);
			name = Nodes;
			sourceTree = "<group>";
		};
		833016FE18BA265F00F8296B /* ScrollNode */ = {
			isa = PBXGroup;
			children = (
				8330170618BA269C00F8296B /* CCNode+ClipVisit.h */,
				8330170718BA269C00F8296B /* CCNode+ClipVisit.m */,
				8330170818BA269C00F8296B /* ScrollNode.h */,
				8330170918BA269C00F8296B /* ScrollNode.m */,
				83EDE60B18C4D28A00D3B78D /* ScrollNodeScrollView.h */,
				83EDE60C18C4D28A00D3B78D /* ScrollNodeScrollView.m */,
			);
			name = ScrollNode;
			sourceTree = "<group>";
		};
		8330170018BA266700F8296B /* GridNode */ = {
			isa = PBXGroup;
			children = (
				8330170118BA267800F8296B /* GridNode.h */,
				8330170218BA267800F8296B /* GridNode.m */,
				8330170318BA267800F8296B /* GridNodeDataSource.h */,
				8330170418BA267800F8296B /* GridNodeDelegate.h */,
			);
			name = GridNode;
			sourceTree = "<group>";
		};
		8330170C18BB4EDD00F8296B /* Nodes */ = {
			isa = PBXGroup;
			children = (
				8330170D18BB4EF000F8296B /* STKTimelineItemNode.h */,
				8330170E18BB4EF000F8296B /* STKTimelineItemNode.m */,
			);
			name = Nodes;
			sourceTree = "<group>";
		};
		8330171018BB963300F8296B /* Nodes */ = {
			isa = PBXGroup;
			children = (
				8330171118BB964300F8296B /* STKLobbyPersonNode.h */,
				8330171218BB964300F8296B /* STKLobbyPersonNode.m */,
			);
			name = Nodes;
			sourceTree = "<group>";
		};
		8349903A18BCFB9D00A0A4AB /* Settings */ = {
			isa = PBXGroup;
			children = (
				8349903B18BCFBBD00A0A4AB /* STKSettingsController.h */,
				8349903C18BCFBBD00A0A4AB /* STKSettingsController.m */,
				8349903E18BCFBCB00A0A4AB /* STKSettingsScene.h */,
				8349903F18BCFBCB00A0A4AB /* STKSettingsScene.m */,
			);
			name = Settings;
			sourceTree = "<group>";
		};
		835803BD18B686100008DA0E /* Bootstrap */ = {
			isa = PBXGroup;
			children = (
				835803C418B6869A0008DA0E /* STKBootstrapController.h */,
				835803C518B6869A0008DA0E /* STKBootstrapController.m */,
				835803C718B686AD0008DA0E /* STKBootstrapScene.h */,
				835803C818B686AD0008DA0E /* STKBootstrapScene.m */,
			);
			name = Bootstrap;
			sourceTree = "<group>";
		};
		8379201618CDE50F0094F3AC /* Nodes */ = {
			isa = PBXGroup;
			children = (
				8379201318CDE39E0094F3AC /* STKTimelineNode.h */,
				8379201418CDE39E0094F3AC /* STKTimelineNode.m */,
			);
			name = Nodes;
			sourceTree = "<group>";
		};
		8383A63A18B7627E003816BF /* NSStack */ = {
			isa = PBXGroup;
			children = (
				8393784D18B601E60007BDE4 /* NSStack.h */,
				8393784E18B601E60007BDE4 /* NSStack.m */,
			);
			name = NSStack;
			sourceTree = "<group>";
		};
		8383A63C18B76287003816BF /* CCNode+ */ = {
			isa = PBXGroup;
			children = (
				8383A63D18B762AC003816BF /* CCNode+Animation.h */,
				8383A63E18B762AC003816BF /* CCNode+Animation.m */,
			);
			name = "CCNode+";
			sourceTree = "<group>";
		};
		8393781218B5FE650007BDE4 /* Strik */ = {
			isa = PBXGroup;
			children = (
				8393781A18B5FEB30007BDE4 /* App */,
				8393781918B5FEAE0007BDE4 /* Assets */,
				8393781818B5FEA90007BDE4 /* Core */,
				8393781718B5FEA50007BDE4 /* Game */,
			);
			name = Strik;
			sourceTree = "<group>";
		};
		8393781718B5FEA50007BDE4 /* Game */ = {
			isa = PBXGroup;
			children = (
				8393785218B601FC0007BDE4 /* Global */,
				8393785118B601F80007BDE4 /* Scenes */,
				8393785018B601F20007BDE4 /* Opcodes */,
			);
			name = Game;
			sourceTree = "<group>";
		};
		8393781818B5FEA90007BDE4 /* Core */ = {
			isa = PBXGroup;
			children = (
				8393781D18B5FFA40007BDE4 /* STKCore.h */,
				8393781E18B5FFA40007BDE4 /* STKCore.m */,
				8393781C18B5FF950007BDE4 /* MSCD */,
				8393781B18B5FF900007BDE4 /* Network */,
			);
			name = Core;
			sourceTree = "<group>";
		};
		8393781918B5FEAE0007BDE4 /* Assets */ = {
			isa = PBXGroup;
			children = (
				83C4423418BDF6D700B417C9 /* Shaders */,
				83F6024818B4DA1100AC2EB1 /* Images.xcassets */,
				B737893A180761570076A88C /* Published-iOS */,
			);
			name = Assets;
			sourceTree = "<group>";
		};
		8393781A18B5FEB30007BDE4 /* App */ = {
			isa = PBXGroup;
			children = (
				B737893D1807617C0076A88C /* AppDelegate.h */,
				B737893E1807617C0076A88C /* AppDelegate.m */,
				B73789851807631A0076A88C /* main.m */,
				B73789861807631A0076A88C /* Prefix.pch */,
			);
			name = App;
			sourceTree = "<group>";
		};
		8393781B18B5FF900007BDE4 /* Network */ = {
			isa = PBXGroup;
			children = (
				8393783818B5FFDC0007BDE4 /* STKNetConnection.h */,
				8393783918B5FFDC0007BDE4 /* STKNetConnection.m */,
				8393783718B5FFD00007BDE4 /* Security */,
				8393783618B5FFCB0007BDE4 /* Messaging */,
				8393783518B5FFC70007BDE4 /* Messages */,
			);
			name = Network;
			sourceTree = "<group>";
		};
		8393781C18B5FF950007BDE4 /* MSCD */ = {
			isa = PBXGroup;
			children = (
				8393782018B5FFB60007BDE4 /* NSObject+Observer.h */,
				8393782118B5FFB60007BDE4 /* NSObject+Observer.m */,
				8393782218B5FFB60007BDE4 /* STKController.h */,
				8393782318B5FFB60007BDE4 /* STKController.m */,
				8393782418B5FFB60007BDE4 /* STKDirector.h */,
				8393782518B5FFB60007BDE4 /* STKDirector.m */,
				8393782618B5FFB60007BDE4 /* STKModel.h */,
				8393782718B5FFB60007BDE4 /* STKModel.m */,
				8393782818B5FFB60007BDE4 /* STKRemoteServerChallenge.h */,
				8393782918B5FFB60007BDE4 /* STKRemoteServerChallenge.m */,
				8393782A18B5FFB60007BDE4 /* STKScene.h */,
				8393782B18B5FFB60007BDE4 /* STKScene.m */,
				8393782C18B5FFB60007BDE4 /* STKSceneController.h */,
				8393782D18B5FFB60007BDE4 /* STKSceneController.m */,
				83F4EF9118BF9ADE00319BDE /* STKDirector+Modal.h */,
				83F4EF9218BF9ADE00319BDE /* STKDirector+Modal.m */,
			);
			name = MSCD;
			sourceTree = "<group>";
		};
		8393783518B5FFC70007BDE4 /* Messages */ = {
			isa = PBXGroup;
			children = (
				8393784418B5FFF80007BDE4 /* STKIncomingMessage.h */,
				8393784518B5FFF80007BDE4 /* STKIncomingMessage.m */,
				8393784618B5FFF80007BDE4 /* STKOutgoingMessage.h */,
				8393784718B5FFF80007BDE4 /* STKOutgoingMessage.m */,
			);
			name = Messages;
			sourceTree = "<group>";
		};
		8393783618B5FFCB0007BDE4 /* Messaging */ = {
			isa = PBXGroup;
			children = (
				8393783E18B5FFEF0007BDE4 /* STKMessageCenter.h */,
				8393783F18B5FFEF0007BDE4 /* STKMessageCenter.m */,
				8393784018B5FFEF0007BDE4 /* STKMessageHandler.h */,
				8393784118B5FFEF0007BDE4 /* STKMessageHandler.m */,
			);
			name = Messaging;
			sourceTree = "<group>";
		};
		8393783718B5FFD00007BDE4 /* Security */ = {
			isa = PBXGroup;
			children = (
				8393783B18B5FFE50007BDE4 /* RC4.h */,
				8393783C18B5FFE50007BDE4 /* RC4.m */,
			);
			name = Security;
			sourceTree = "<group>";
		};
		8393784C18B601DA0007BDE4 /* Utils */ = {
			isa = PBXGroup;
			children = (
				8304529A18C7538D000BBE18 /* Linguistics */,
				83EDE60218C38F0B00D3B78D /* PagesScrollNode */,
				8330170018BA266700F8296B /* GridNode */,
				833016FE18BA265F00F8296B /* ScrollNode */,
				8383A63C18B76287003816BF /* CCNode+ */,
				8383A63A18B7627E003816BF /* NSStack */,
			);
			name = Utils;
			sourceTree = "<group>";
		};
		8393785018B601F20007BDE4 /* Opcodes */ = {
			isa = PBXGroup;
			children = (
				8393785318B6020E0007BDE4 /* STKIncomingOpcode.h */,
				8393785418B6020E0007BDE4 /* STKOutgoingOpcode.h */,
			);
			name = Opcodes;
			sourceTree = "<group>";
		};
		8393785118B601F80007BDE4 /* Scenes */ = {
			isa = PBXGroup;
			children = (
				835803BD18B686100008DA0E /* Bootstrap */,
				8393789218B6029C0007BDE4 /* Connect */,
				8393789418B602AD0007BDE4 /* Home */,
				8393789318B602A60007BDE4 /* New Player */,
				8393789518B602B50007BDE4 /* Achievements */,
				8393789618B602BD0007BDE4 /* Lobby */,
				8393789718B602E20007BDE4 /* AnnounceMatch */,
				8393789818B602E70007BDE4 /* Game */,
				8393789918B602EC0007BDE4 /* End Game */,
			);
			name = Scenes;
			sourceTree = "<group>";
		};
		8393785218B601FC0007BDE4 /* Global */ = {
			isa = PBXGroup;
			children = (
				8393785818B602300007BDE4 /* Models */,
				8393785718B6022C0007BDE4 /* Views */,
				8393785618B602260007BDE4 /* Controllers */,
				8393785518B6021C0007BDE4 /* Nodes */,
			);
			name = Global;
			sourceTree = "<group>";
		};
		8393785518B6021C0007BDE4 /* Nodes */ = {
			isa = PBXGroup;
			children = (
				83D32FD018C0B02D00772575 /* STKHolePunchedButton.h */,
				83D32FD118C0B02D00772575 /* STKHolePunchedButton.m */,
				8383A64918B79273003816BF /* STKAvatarNode.h */,
				8383A64A18B79273003816BF /* STKAvatarNode.m */,
				8383A65218B7F651003816BF /* STKLevelNode.h */,
				8383A65318B7F651003816BF /* STKLevelNode.m */,
				8383A65918B8D255003816BF /* STKProgressNode.h */,
				8383A65A18B8D255003816BF /* STKProgressNode.m */,
				83EDE61218C60FA900D3B78D /* STKButton.h */,
				83EDE61318C60FA900D3B78D /* STKButton.m */,
			);
			name = Nodes;
			sourceTree = "<group>";
		};
		8393785618B602260007BDE4 /* Controllers */ = {
			isa = PBXGroup;
			children = (
				8393788018B602730007BDE4 /* STKClientController.h */,
				8393788118B602730007BDE4 /* STKClientController.m */,
				8393788218B602730007BDE4 /* STKFacebookController.h */,
				8393788318B602730007BDE4 /* STKFacebookController.m */,
				8393788418B602730007BDE4 /* STKInAppPurchasesController.h */,
				8393788518B602730007BDE4 /* STKInAppPurchasesController.m */,
				8393788618B602730007BDE4 /* STKMatchController.h */,
				8393788718B602730007BDE4 /* STKMatchController.m */,
				8393788818B602730007BDE4 /* STKSessionController.h */,
				8393788918B602730007BDE4 /* STKSessionController.m */,
			);
			name = Controllers;
			sourceTree = "<group>";
		};
		8393785718B6022C0007BDE4 /* Views */ = {
			isa = PBXGroup;
			children = (
				8393787D18B602500007BDE4 /* STKAlertView.h */,
				8393787E18B602500007BDE4 /* STKAlertView.m */,
			);
			name = Views;
			sourceTree = "<group>";
		};
		8393785818B602300007BDE4 /* Models */ = {
			isa = PBXGroup;
			children = (
				83D32FD418C0C9C900772575 /* STKSettings.h */,
				83D32FD518C0C9C900772575 /* STKSettings.m */,
				8393785918B6023D0007BDE4 /* STKAvatar.h */,
				8393785A18B6023D0007BDE4 /* STKAvatar.m */,
				8393785D18B6023D0007BDE4 /* STKFriend.h */,
				8393785E18B6023D0007BDE4 /* STKFriend.m */,
				8393785F18B6023D0007BDE4 /* STKInventory.h */,
				8393786018B6023D0007BDE4 /* STKInventory.m */,
				8393786118B6023D0007BDE4 /* STKItemRegistry.h */,
				8393786218B6023D0007BDE4 /* STKItemRegistry.m */,
				8393786318B6023D0007BDE4 /* STKItemType.h */,
				8393786418B6023D0007BDE4 /* STKItemType.m */,
				8393786518B6023D0007BDE4 /* STKMatch.h */,
				8393786618B6023D0007BDE4 /* STKMatch.m */,
				8393786718B6023D0007BDE4 /* STKMatchPlayer.h */,
				8393786818B6023D0007BDE4 /* STKMatchPlayer.m */,
				8393786918B6023D0007BDE4 /* STKPLayer.h */,
				8393786A18B6023D0007BDE4 /* STKPlayer.m */,
				8393786B18B6023D0007BDE4 /* STKPowerUp.h */,
				8393786C18B6023D0007BDE4 /* STKPowerUp.m */,
				8393786D18B6023D0007BDE4 /* STKProgression.h */,
				8393786E18B6023D0007BDE4 /* STKProgression.m */,
				8393786F18B6023D0007BDE4 /* STKTrophy.h */,
				8393787018B6023D0007BDE4 /* STKTrophy.m */,
			);
			name = Models;
			sourceTree = "<group>";
		};
		8393789218B6029C0007BDE4 /* Connect */ = {
			isa = PBXGroup;
			children = (
				8393789A18B60A260007BDE4 /* STKConnectController.h */,
				8393789B18B60A260007BDE4 /* STKConnectController.m */,
				8393789D18B60A340007BDE4 /* STKConnectScene.h */,
				8393789E18B60A340007BDE4 /* STKConnectScene.m */,
			);
			name = Connect;
			sourceTree = "<group>";
		};
		8393789318B602A60007BDE4 /* New Player */ = {
			isa = PBXGroup;
			children = (
				835803B618B67B640008DA0E /* STKNewPlayerController.h */,
				835803B718B67B640008DA0E /* STKNewPlayerController.m */,
				835803BA18B67B720008DA0E /* STKNewPlayerScene.h */,
				835803BB18B67B720008DA0E /* STKNewPlayerScene.m */,
			);
			name = "New Player";
			sourceTree = "<group>";
		};
		8393789418B602AD0007BDE4 /* Home */ = {
			isa = PBXGroup;
			children = (
				83EDE5FA18C3652400D3B78D /* AvatarPicker */,
				8349903A18BCFB9D00A0A4AB /* Settings */,
				8330170C18BB4EDD00F8296B /* Nodes */,
				8383A64018B77B19003816BF /* STKHomeController.h */,
				8383A64118B77B19003816BF /* STKHomeController.m */,
				8383A64318B77B27003816BF /* STKHomeScene.h */,
				8383A64418B77B27003816BF /* STKHomeScene.m */,
			);
			name = Home;
			sourceTree = "<group>";
		};
		8393789518B602B50007BDE4 /* Achievements */ = {
			isa = PBXGroup;
			children = (
				8383A64C18B79E49003816BF /* STKAchievementsScene.h */,
				8383A64D18B79E49003816BF /* STKAchievementsScene.m */,
				8383A64F18B79E58003816BF /* STKAchievementsController.h */,
				8383A65018B79E58003816BF /* STKAchievementsController.m */,
			);
			name = Achievements;
			sourceTree = "<group>";
		};
		8393789618B602BD0007BDE4 /* Lobby */ = {
			isa = PBXGroup;
			children = (
				8330171018BB963300F8296B /* Nodes */,
				8383A65D18B8E62E003816BF /* STKLobbyController.h */,
				8383A65E18B8E62E003816BF /* STKLobbyController.m */,
				8383A66018B8E642003816BF /* STKLobbyScene.h */,
				8383A66118B8E642003816BF /* STKLobbyScene.m */,
			);
			name = Lobby;
			sourceTree = "<group>";
		};
		8393789718B602E20007BDE4 /* AnnounceMatch */ = {
			isa = PBXGroup;
			children = (
				830452A718C77819000BBE18 /* Nodes */,
				830452A118C769EC000BBE18 /* STKAnnounceMatchScene.h */,
				830452A218C769EC000BBE18 /* STKAnnounceMatchScene.m */,
				830452A418C769F8000BBE18 /* STKAnnounceMatchController.h */,
				830452A518C769F8000BBE18 /* STKAnnounceMatchController.m */,
			);
			name = AnnounceMatch;
			sourceTree = "<group>";
		};
		8393789818B602E70007BDE4 /* Game */ = {
			isa = PBXGroup;
			children = (
				8379201618CDE50F0094F3AC /* Nodes */,
				839378A018B60AF90007BDE4 /* Board */,
				8379200918CDB9A10094F3AC /* STKGameController.h */,
				8379200A18CDB9A10094F3AC /* STKGameController.m */,
				8379200C18CDBD5D0094F3AC /* STKGameScene.h */,
				8379200D18CDBD5D0094F3AC /* STKGameScene.m */,
			);
			name = Game;
			sourceTree = "<group>";
		};
		8393789918B602EC0007BDE4 /* End Game */ = {
			isa = PBXGroup;
			children = (
			);
			name = "End Game";
			sourceTree = "<group>";
		};
		839378A018B60AF90007BDE4 /* Board */ = {
			isa = PBXGroup;
			children = (
				839378A418B60B180007BDE4 /* STKBoard.h */,
				839378A518B60B180007BDE4 /* STKBoard.m */,
				839378A118B60B090007BDE4 /* STKTile.h */,
				839378A218B60B090007BDE4 /* STKTile.m */,
			);
			name = Board;
			sourceTree = "<group>";
		};
		83C4423418BDF6D700B417C9 /* Shaders */ = {
			isa = PBXGroup;
			children = (
				83C4423F18BE18CC00B417C9 /* CSEEmboss.fsh */,
				83C4424018BE18CC00B417C9 /* CSEEmboss.h */,
				83C4424118BE18CC00B417C9 /* CSEEmboss.m */,
			);
			name = Shaders;
			sourceTree = "<group>";
		};
		83EDE5FA18C3652400D3B78D /* AvatarPicker */ = {
			isa = PBXGroup;
			children = (
				83EDE5FC18C3654400D3B78D /* STKAvatarPickerScene.h */,
				83EDE5FD18C3654400D3B78D /* STKAvatarPickerScene.m */,
				83EDE5FF18C3655D00D3B78D /* STKAvatarPickerController.h */,
				83EDE60018C3655D00D3B78D /* STKAvatarPickerController.m */,
				83EDE60E18C5D5EE00D3B78D /* STKAvatarPage.h */,
				83EDE60F18C5D5EE00D3B78D /* STKAvatarPage.m */,
			);
			name = AvatarPicker;
			sourceTree = "<group>";
		};
		83EDE60218C38F0B00D3B78D /* PagesScrollNode */ = {
			isa = PBXGroup;
			children = (
				83EDE60318C38F2500D3B78D /* PagedScrollNode.h */,
				83EDE60418C38F2500D3B78D /* PagedScrollNode.m */,
				83EDE60618C38F8400D3B78D /* PagedScrollNodeDataSource.h */,
			);
			name = PagesScrollNode;
			sourceTree = "<group>";
		};
		9222E2B918734FF800A246C7 /* Libs */ = {
			isa = PBXGroup;
			children = (
				8393784C18B601DA0007BDE4 /* Utils */,
				B7378940180761A80076A88C /* cocos2d-ios.xcodeproj */,
			);
			name = Libs;
			sourceTree = "<group>";
		};
		B7378941180761A80076A88C /* Products */ = {
			isa = PBXGroup;
			children = (
				B737894B180761A90076A88C /* libcocos2d.a */,
			);
			name = Products;
			sourceTree = "<group>";
		};
		B77F1B2517B978D7009739AE = {
			isa = PBXGroup;
			children = (
				8393781218B5FE650007BDE4 /* Strik */,
				9222E2B918734FF800A246C7 /* Libs */,
				B77F1B3017B978D7009739AE /* Frameworks */,
				B77F1B2F17B978D7009739AE /* Products */,
				1E96447CB20243C193EC8885 /* Pods.xcconfig */,
			);
			sourceTree = "<group>";
		};
		B77F1B2F17B978D7009739AE /* Products */ = {
			isa = PBXGroup;
			children = (
				B77F1B2E17B978D7009739AE /* Strik.app */,
			);
			name = Products;
			sourceTree = "<group>";
		};
		B77F1B3017B978D7009739AE /* Frameworks */ = {
			isa = PBXGroup;
			children = (
				83F6024A18B4DF3E00AC2EB1 /* StoreKit.framework */,
				B7B3713D180358F1007369CC /* libObjectiveChipmunk.a */,
				B77F1B3117B978D7009739AE /* QuartzCore.framework */,
				B77F1B3317B978D7009739AE /* OpenGLES.framework */,
				B77F1B3517B978D7009739AE /* OpenAL.framework */,
				B77F1B3717B978D7009739AE /* AudioToolbox.framework */,
				B77F1B3917B978D7009739AE /* AVFoundation.framework */,
				B77F1B3B17B978D7009739AE /* UIKit.framework */,
				B77F1B3D17B978D7009739AE /* Foundation.framework */,
				B77F1B3F17B978D7009739AE /* CoreGraphics.framework */,
				B77F1B4117B978D7009739AE /* CoreText.framework */,
				6F9DC8090A134F69888D13FD /* libPods.a */,
			);
			name = Frameworks;
			sourceTree = "<group>";
		};
/* End PBXGroup section */

/* Begin PBXNativeTarget section */
		B77F1B2D17B978D7009739AE /* Strik */ = {
			isa = PBXNativeTarget;
			buildConfigurationList = B77F1CDE17B978D8009739AE /* Build configuration list for PBXNativeTarget "Strik" */;
			buildPhases = (
				CA541C1B1AEC4A2CA7F1E88E /* Check Pods Manifest.lock */,
				B77F1B2A17B978D7009739AE /* Sources */,
				B77F1B2B17B978D7009739AE /* Frameworks */,
				B77F1B2C17B978D7009739AE /* Resources */,
				692D178DE37246EE87E7854B /* Copy Pods Resources */,
			);
			buildRules = (
			);
			dependencies = (
				B7378989180764180076A88C /* PBXTargetDependency */,
			);
			name = Strik;
			productName = Example;
			productReference = B77F1B2E17B978D7009739AE /* Strik.app */;
			productType = "com.apple.product-type.application";
		};
/* End PBXNativeTarget section */

/* Begin PBXProject section */
		B77F1B2617B978D7009739AE /* Project object */ = {
			isa = PBXProject;
			attributes = {
				CLASSPREFIX = STK;
				LastUpgradeCheck = 0460;
				ORGANIZATIONNAME = Strik;
				TargetAttributes = {
					B77F1B2D17B978D7009739AE = {
						DevelopmentTeam = 7CTG6SL6FJ;
						SystemCapabilities = {
							com.apple.GameCenter = {
								enabled = 0;
							};
							com.apple.InAppPurchase = {
								enabled = 1;
							};
						};
					};
				};
			};
			buildConfigurationList = B77F1B2917B978D7009739AE /* Build configuration list for PBXProject "Strik" */;
			compatibilityVersion = "Xcode 3.2";
			developmentRegion = English;
			hasScannedForEncodings = 0;
			knownRegions = (
				en,
			);
			mainGroup = B77F1B2517B978D7009739AE;
			productRefGroup = B77F1B2F17B978D7009739AE /* Products */;
			projectDirPath = "";
			projectReferences = (
				{
					ProductGroup = B7378941180761A80076A88C /* Products */;
					ProjectRef = B7378940180761A80076A88C /* cocos2d-ios.xcodeproj */;
				},
			);
			projectRoot = "";
			targets = (
				B77F1B2D17B978D7009739AE /* Strik */,
			);
		};
/* End PBXProject section */

/* Begin PBXReferenceProxy section */
		B737894B180761A90076A88C /* libcocos2d.a */ = {
			isa = PBXReferenceProxy;
			fileType = archive.ar;
			path = libcocos2d.a;
			remoteRef = B737894A180761A90076A88C /* PBXContainerItemProxy */;
			sourceTree = BUILT_PRODUCTS_DIR;
		};
/* End PBXReferenceProxy section */

/* Begin PBXResourcesBuildPhase section */
		B77F1B2C17B978D7009739AE /* Resources */ = {
			isa = PBXResourcesBuildPhase;
			buildActionMask = 2147483647;
			files = (
				83C4424418BE18DB00B417C9 /* CSEEmboss.fsh in Resources */,
				B737893B180761570076A88C /* Published-iOS in Resources */,
				83F6024918B4DA1100AC2EB1 /* Images.xcassets in Resources */,
			);
			runOnlyForDeploymentPostprocessing = 0;
		};
/* End PBXResourcesBuildPhase section */

/* Begin PBXShellScriptBuildPhase section */
		692D178DE37246EE87E7854B /* Copy Pods Resources */ = {
			isa = PBXShellScriptBuildPhase;
			buildActionMask = 2147483647;
			files = (
			);
			inputPaths = (
			);
			name = "Copy Pods Resources";
			outputPaths = (
			);
			runOnlyForDeploymentPostprocessing = 0;
			shellPath = /bin/sh;
			shellScript = "\"${SRCROOT}/Pods/Pods-resources.sh\"\n";
			showEnvVarsInLog = 0;
		};
		CA541C1B1AEC4A2CA7F1E88E /* Check Pods Manifest.lock */ = {
			isa = PBXShellScriptBuildPhase;
			buildActionMask = 2147483647;
			files = (
			);
			inputPaths = (
			);
			name = "Check Pods Manifest.lock";
			outputPaths = (
			);
			runOnlyForDeploymentPostprocessing = 0;
			shellPath = /bin/sh;
			shellScript = "diff \"${PODS_ROOT}/../Podfile.lock\" \"${PODS_ROOT}/Manifest.lock\" > /dev/null\nif [[ $? != 0 ]] ; then\n    cat << EOM\nerror: The sandbox is not in sync with the Podfile.lock. Run 'pod install' or update your CocoaPods installation.\nEOM\n    exit 1\nfi\n";
			showEnvVarsInLog = 0;
		};
/* End PBXShellScriptBuildPhase section */

/* Begin PBXSourcesBuildPhase section */
		B77F1B2A17B978D7009739AE /* Sources */ = {
			isa = PBXSourcesBuildPhase;
			buildActionMask = 2147483647;
			files = (
				8393783118B5FFB60007BDE4 /* STKModel.m in Sources */,
				8383A64B18B79273003816BF /* STKAvatarNode.m in Sources */,
				8393783218B5FFB60007BDE4 /* STKRemoteServerChallenge.m in Sources */,
				B737893F1807617C0076A88C /* AppDelegate.m in Sources */,
				830452AA18C77828000BBE18 /* STKVSCard.m in Sources */,
				830452A618C769F8000BBE18 /* STKAnnounceMatchController.m in Sources */,
				8330170B18BA269C00F8296B /* ScrollNode.m in Sources */,
				8379201518CDE39E0094F3AC /* STKTimelineNode.m in Sources */,
				8393787618B6023D0007BDE4 /* STKItemType.m in Sources */,
				8393784218B5FFEF0007BDE4 /* STKMessageCenter.m in Sources */,
				8383A65418B7F651003816BF /* STKLevelNode.m in Sources */,
				8383A64E18B79E49003816BF /* STKAchievementsScene.m in Sources */,
				83EDE60118C3655D00D3B78D /* STKAvatarPickerController.m in Sources */,
				83C4424218BE18CC00B417C9 /* CSEEmboss.fsh in Sources */,
				8393788C18B602730007BDE4 /* STKClientController.m in Sources */,
				8393783D18B5FFE50007BDE4 /* RC4.m in Sources */,
				8393787118B6023D0007BDE4 /* STKAvatar.m in Sources */,
				8383A65F18B8E62E003816BF /* STKLobbyController.m in Sources */,
				8383A65B18B8D255003816BF /* STKProgressNode.m in Sources */,
				8393784F18B601E60007BDE4 /* NSStack.m in Sources */,
				8393787B18B6023D0007BDE4 /* STKProgression.m in Sources */,
				8330170F18BB4EF000F8296B /* STKTimelineItemNode.m in Sources */,
				8383A66218B8E642003816BF /* STKLobbyScene.m in Sources */,
				835803C618B6869A0008DA0E /* STKBootstrapController.m in Sources */,
				8393783318B5FFB60007BDE4 /* STKScene.m in Sources */,
				8330171318BB964300F8296B /* STKLobbyPersonNode.m in Sources */,
				83D32FD618C0C9C900772575 /* STKSettings.m in Sources */,
				8393788E18B602730007BDE4 /* STKInAppPurchasesController.m in Sources */,
				8393787918B6023D0007BDE4 /* STKPlayer.m in Sources */,
				83EDE60518C38F2500D3B78D /* PagedScrollNode.m in Sources */,
				83EDE60D18C4D28A00D3B78D /* ScrollNodeScrollView.m in Sources */,
				8393789018B602730007BDE4 /* STKSessionController.m in Sources */,
				8393784318B5FFEF0007BDE4 /* STKMessageHandler.m in Sources */,
				8349904018BCFBCB00A0A4AB /* STKSettingsScene.m in Sources */,
				8393787318B6023D0007BDE4 /* STKFriend.m in Sources */,
				B73789871807631A0076A88C /* main.m in Sources */,
				835803B818B67B640008DA0E /* STKNewPlayerController.m in Sources */,
				8393787A18B6023D0007BDE4 /* STKPowerUp.m in Sources */,
				8383A64518B77B27003816BF /* STKHomeScene.m in Sources */,
				8393784918B5FFF80007BDE4 /* STKOutgoingMessage.m in Sources */,
				8393788F18B602730007BDE4 /* STKMatchController.m in Sources */,
				8393788D18B602730007BDE4 /* STKFacebookController.m in Sources */,
				83EDE61418C60FA900D3B78D /* STKButton.m in Sources */,
				8304529E18C753A2000BBE18 /* Linguistics.m in Sources */,
				839378A618B60B180007BDE4 /* STKBoard.m in Sources */,
				8393783A18B5FFDC0007BDE4 /* STKNetConnection.m in Sources */,
				8393784818B5FFF80007BDE4 /* STKIncomingMessage.m in Sources */,
				8330170A18BA269C00F8296B /* CCNode+ClipVisit.m in Sources */,
				8393782E18B5FFB60007BDE4 /* NSObject+Observer.m in Sources */,
				8393787518B6023D0007BDE4 /* STKItemRegistry.m in Sources */,
				8393787818B6023D0007BDE4 /* STKMatchPlayer.m in Sources */,
				8330170518BA267800F8296B /* GridNode.m in Sources */,
				8383A64218B77B19003816BF /* STKHomeController.m in Sources */,
				8393783418B5FFB60007BDE4 /* STKSceneController.m in Sources */,
				83D32FD218C0B02D00772575 /* STKHolePunchedButton.m in Sources */,
				8393782F18B5FFB60007BDE4 /* STKController.m in Sources */,
				8393783018B5FFB60007BDE4 /* STKDirector.m in Sources */,
				83C4424318BE18CC00B417C9 /* CSEEmboss.m in Sources */,
				835803BC18B67B720008DA0E /* STKNewPlayerScene.m in Sources */,
				8393781F18B5FFA40007BDE4 /* STKCore.m in Sources */,
				8393787718B6023D0007BDE4 /* STKMatch.m in Sources */,
				83EDE5FE18C3654400D3B78D /* STKAvatarPickerScene.m in Sources */,
				8349903D18BCFBBD00A0A4AB /* STKSettingsController.m in Sources */,
				8393787C18B6023D0007BDE4 /* STKTrophy.m in Sources */,
				8393789F18B60A340007BDE4 /* STKConnectScene.m in Sources */,
				8383A63F18B762AC003816BF /* CCNode+Animation.m in Sources */,
				8393787F18B602500007BDE4 /* STKAlertView.m in Sources */,
				835803C918B686AD0008DA0E /* STKBootstrapScene.m in Sources */,
				8379200B18CDB9A10094F3AC /* STKGameController.m in Sources */,
				83EDE61018C5D5EE00D3B78D /* STKAvatarPage.m in Sources */,
				830452A318C769EC000BBE18 /* STKAnnounceMatchScene.m in Sources */,
				8383A65118B79E58003816BF /* STKAchievementsController.m in Sources */,
				839378A318B60B090007BDE4 /* STKTile.m in Sources */,
				8393787418B6023D0007BDE4 /* STKInventory.m in Sources */,
				8379200E18CDBD5D0094F3AC /* STKGameScene.m in Sources */,
				8393789C18B60A260007BDE4 /* STKConnectController.m in Sources */,
				83F4EF9318BF9ADE00319BDE /* STKDirector+Modal.m in Sources */,
			);
			runOnlyForDeploymentPostprocessing = 0;
		};
/* End PBXSourcesBuildPhase section */

/* Begin PBXTargetDependency section */
		B7378989180764180076A88C /* PBXTargetDependency */ = {
			isa = PBXTargetDependency;
			name = cocos2d;
			targetProxy = B7378988180764180076A88C /* PBXContainerItemProxy */;
		};
/* End PBXTargetDependency section */

/* Begin XCBuildConfiguration section */
		B77F1CDC17B978D8009739AE /* Debug */ = {
			isa = XCBuildConfiguration;
			buildSettings = {
				ARCHS = "$(ARCHS_STANDARD_32_BIT)";
				"CODE_SIGN_IDENTITY[sdk=iphoneos*]" = "iPhone Developer";
				GCC_C_LANGUAGE_STANDARD = gnu99;
				GCC_OPTIMIZATION_LEVEL = 0;
				GCC_PREPROCESSOR_DEFINITIONS = (
					DEBUG,
					"COCOS2D_DEBUG=1",
				);
				GCC_SYMBOLS_PRIVATE_EXTERN = NO;
				GCC_VERSION = com.apple.compilers.llvm.clang.1_0;
				GCC_WARN_ABOUT_RETURN_TYPE = YES;
				GCC_WARN_UNUSED_VARIABLE = YES;
				IPHONEOS_DEPLOYMENT_TARGET = 4.0;
				SDKROOT = iphoneos;
				TARGETED_DEVICE_FAMILY = "1,2";
			};
			name = Debug;
		};
		B77F1CDD17B978D8009739AE /* Release */ = {
			isa = XCBuildConfiguration;
			buildSettings = {
				ARCHS = "$(ARCHS_STANDARD_32_BIT)";
				"CODE_SIGN_IDENTITY[sdk=iphoneos*]" = "iPhone Developer";
				GCC_C_LANGUAGE_STANDARD = gnu99;
				GCC_PREPROCESSOR_DEFINITIONS = (
					NDEBUG,
					"NS_BLOCK_ASSERTIONS=1",
				);
				GCC_VERSION = com.apple.compilers.llvm.clang.1_0;
				GCC_WARN_ABOUT_RETURN_TYPE = YES;
				GCC_WARN_UNUSED_VARIABLE = YES;
				IPHONEOS_DEPLOYMENT_TARGET = 4.0;
				SDKROOT = iphoneos;
				TARGETED_DEVICE_FAMILY = "1,2";
			};
			name = Release;
		};
		B77F1CDF17B978D8009739AE /* Debug */ = {
			isa = XCBuildConfiguration;
			baseConfigurationReference = 1E96447CB20243C193EC8885 /* Pods.xcconfig */;
			buildSettings = {
				ALWAYS_SEARCH_USER_PATHS = NO;
				ARCHS = "$(ARCHS_STANDARD)";
				ASSETCATALOG_COMPILER_APPICON_NAME = AppIcon;
				ASSETCATALOG_COMPILER_LAUNCHIMAGE_NAME = LaunchImage;
				CLANG_ENABLE_OBJC_ARC = YES;
				CODE_SIGN_IDENTITY = "iPhone Developer";
				"CODE_SIGN_IDENTITY[sdk=iphoneos*]" = "iPhone Developer";
				COPY_PHASE_STRIP = NO;
				GCC_DYNAMIC_NO_PIC = NO;
				GCC_PRECOMPILE_PREFIX_HEADER = YES;
				GCC_PREFIX_HEADER = Source/Prefix.pch;
				HEADER_SEARCH_PATHS = (
					"\"Source/libs/cocos2d-iphone/external/kazmath/include\"/**",
					"\"Source/libs/cocos2d-iphone/cocos2d\"/**",
					"Source/libs/cocos2d-iphone/external/Chipmunk/objectivec/include",
					"Source/libs/cocos2d-iphone/external/Chipmunk/include",
					"\"Source/libs/cocos2d-iphone/cocos2d-ui\"/**",
					"\"Source/libs/cocos2d-iphone/external/ObjectAL\"/**",
					"$(inherited)",
				);
				INFOPLIST_FILE = Source/Resources/Info.plist;
				IPHONEOS_DEPLOYMENT_TARGET = 5.0;
				ONLY_ACTIVE_ARCH = YES;
				OTHER_LDFLAGS = (
					"-lz",
					"-lsqlite3",
					"-ObjC",
				);
				PRODUCT_NAME = Strik;
				PROVISIONING_PROFILE = "";
				TARGETED_DEVICE_FAMILY = 1;
				WRAPPER_EXTENSION = app;
			};
			name = Debug;
		};
		B77F1CE017B978D8009739AE /* Release */ = {
			isa = XCBuildConfiguration;
			baseConfigurationReference = 1E96447CB20243C193EC8885 /* Pods.xcconfig */;
			buildSettings = {
				ALWAYS_SEARCH_USER_PATHS = NO;
				ARCHS = "$(ARCHS_STANDARD)";
				ASSETCATALOG_COMPILER_APPICON_NAME = AppIcon;
				ASSETCATALOG_COMPILER_LAUNCHIMAGE_NAME = LaunchImage;
				CLANG_ENABLE_OBJC_ARC = YES;
				CODE_SIGN_IDENTITY = "iPhone Developer";
				"CODE_SIGN_IDENTITY[sdk=iphoneos*]" = "iPhone Developer";
				COPY_PHASE_STRIP = YES;
				GCC_PRECOMPILE_PREFIX_HEADER = YES;
				GCC_PREFIX_HEADER = Source/Prefix.pch;
				HEADER_SEARCH_PATHS = (
					"\"Source/libs/cocos2d-iphone/external/kazmath/include\"/**",
					"\"Source/libs/cocos2d-iphone/cocos2d\"/**",
					"Source/libs/cocos2d-iphone/external/Chipmunk/objectivec/include",
					"Source/libs/cocos2d-iphone/external/Chipmunk/include",
					"\"Source/libs/cocos2d-iphone/cocos2d-ui\"/**",
					"\"Source/libs/cocos2d-iphone/external/ObjectAL\"/**",
					"$(inherited)",
				);
				INFOPLIST_FILE = Source/Resources/Info.plist;
				IPHONEOS_DEPLOYMENT_TARGET = 5.0;
				OTHER_LDFLAGS = (
					"-lz",
					"-lsqlite3",
					"-ObjC",
				);
				PRODUCT_NAME = Strik;
				PROVISIONING_PROFILE = "";
				TARGETED_DEVICE_FAMILY = 1;
				VALIDATE_PRODUCT = YES;
				WRAPPER_EXTENSION = app;
			};
			name = Release;
		};
/* End XCBuildConfiguration section */

/* Begin XCConfigurationList section */
		B77F1B2917B978D7009739AE /* Build configuration list for PBXProject "Strik" */ = {
			isa = XCConfigurationList;
			buildConfigurations = (
				B77F1CDC17B978D8009739AE /* Debug */,
				B77F1CDD17B978D8009739AE /* Release */,
			);
			defaultConfigurationIsVisible = 0;
			defaultConfigurationName = Release;
		};
		B77F1CDE17B978D8009739AE /* Build configuration list for PBXNativeTarget "Strik" */ = {
			isa = XCConfigurationList;
			buildConfigurations = (
				B77F1CDF17B978D8009739AE /* Debug */,
				B77F1CE017B978D8009739AE /* Release */,
			);
			defaultConfigurationIsVisible = 0;
			defaultConfigurationName = Release;
		};
/* End XCConfigurationList section */
	};
	rootObject = B77F1B2617B978D7009739AE /* Project object */;
}
